// !$*UTF8*$!
{
	archiveVersion = 1;
	classes = {
	};
	objectVersion = 55;
	objects = {

/* Begin PBXBuildFile section */
		06D79DE528B3262500AAC24D /* main.m in Sources */ = {isa = PBXBuildFile; fileRef = 06E16C7D2856BE3900A79C41 /* main.m */; };
		06D79DE828B326A600AAC24D /* SceneDelegate.m in Sources */ = {isa = PBXBuildFile; fileRef = 06E16C6F2856BE3800A79C41 /* SceneDelegate.m */; };
		06E16C6D2856BE3800A79C41 /* AppDelegate.m in Sources */ = {isa = PBXBuildFile; fileRef = 06E16C6C2856BE3800A79C41 /* AppDelegate.m */; };
		06E16C732856BE3800A79C41 /* ViewController.m in Sources */ = {isa = PBXBuildFile; fileRef = 06E16C722856BE3800A79C41 /* ViewController.m */; };
		06E16C762856BE3800A79C41 /* Main.storyboard in Resources */ = {isa = PBXBuildFile; fileRef = 06E16C742856BE3800A79C41 /* Main.storyboard */; };
		06E16C782856BE3900A79C41 /* Assets.xcassets in Resources */ = {isa = PBXBuildFile; fileRef = 06E16C772856BE3900A79C41 /* Assets.xcassets */; };
		06E16C7B2856BE3900A79C41 /* LaunchScreen.storyboard in Resources */ = {isa = PBXBuildFile; fileRef = 06E16C792856BE3900A79C41 /* LaunchScreen.storyboard */; };
		06E16D2A2856BE7300A79C41 /* CFUnicodeData-L.mapping in Resources */ = {isa = PBXBuildFile; fileRef = 06E16C852856BE6B00A79C41 /* CFUnicodeData-L.mapping */; };
		06E16D352856BE7300A79C41 /* CFUniCharPropertyDatabase.data in Resources */ = {isa = PBXBuildFile; fileRef = 06E16C962856BE6C00A79C41 /* CFUniCharPropertyDatabase.data */; };
		06E16D532856BE7300A79C41 /* README_CFLITE in Resources */ = {isa = PBXBuildFile; fileRef = 06E16CD02856BE6F00A79C41 /* README_CFLITE */; };
		06E16D572856BE7300A79C41 /* MakefileVersion in Resources */ = {isa = PBXBuildFile; fileRef = 06E16CD72856BE6F00A79C41 /* MakefileVersion */; };
		06E16D5D2856BE7300A79C41 /* CFUnicodeData-B.mapping in Resources */ = {isa = PBXBuildFile; fileRef = 06E16CE12856BE7000A79C41 /* CFUnicodeData-B.mapping */; };
		06E16D5E2856BE7300A79C41 /* PropertyList.dtd in Resources */ = {isa = PBXBuildFile; fileRef = 06E16CE32856BE7000A79C41 /* PropertyList.dtd */; };
		06E16D5F2856BE7300A79C41 /* MakefileLinux in Resources */ = {isa = PBXBuildFile; fileRef = 06E16CE62856BE7000A79C41 /* MakefileLinux */; };
		06E16D662856BE7300A79C41 /* SymbolAliases in Resources */ = {isa = PBXBuildFile; fileRef = 06E16CF82856BE7100A79C41 /* SymbolAliases */; };
		06E16D692856BE7300A79C41 /* APPLE_LICENSE in Resources */ = {isa = PBXBuildFile; fileRef = 06E16CFC2856BE7100A79C41 /* APPLE_LICENSE */; };
		06E16D7C2856BE7300A79C41 /* CFCharacterSetBitmaps.bitmap in Resources */ = {isa = PBXBuildFile; fileRef = 06E16D1C2856BE7300A79C41 /* CFCharacterSetBitmaps.bitmap */; };
/* End PBXBuildFile section */

/* Begin PBXFileReference section */
		06E16C682856BE3800A79C41 /* Runloop源码.app */ = {isa = PBXFileReference; explicitFileType = wrapper.application; includeInIndex = 0; path = "Runloop源码.app"; sourceTree = BUILT_PRODUCTS_DIR; };
		06E16C6B2856BE3800A79C41 /* AppDelegate.h */ = {isa = PBXFileReference; lastKnownFileType = sourcecode.c.h; path = AppDelegate.h; sourceTree = "<group>"; };
		06E16C6C2856BE3800A79C41 /* AppDelegate.m */ = {isa = PBXFileReference; lastKnownFileType = sourcecode.c.objc; path = AppDelegate.m; sourceTree = "<group>"; };
		06E16C6E2856BE3800A79C41 /* SceneDelegate.h */ = {isa = PBXFileReference; lastKnownFileType = sourcecode.c.h; path = SceneDelegate.h; sourceTree = "<group>"; };
		06E16C6F2856BE3800A79C41 /* SceneDelegate.m */ = {isa = PBXFileReference; lastKnownFileType = sourcecode.c.objc; path = SceneDelegate.m; sourceTree = "<group>"; };
		06E16C712856BE3800A79C41 /* ViewController.h */ = {isa = PBXFileReference; lastKnownFileType = sourcecode.c.h; path = ViewController.h; sourceTree = "<group>"; };
		06E16C722856BE3800A79C41 /* ViewController.m */ = {isa = PBXFileReference; lastKnownFileType = sourcecode.c.objc; path = ViewController.m; sourceTree = "<group>"; };
		06E16C752856BE3800A79C41 /* Base */ = {isa = PBXFileReference; lastKnownFileType = file.storyboard; name = Base; path = Base.lproj/Main.storyboard; sourceTree = "<group>"; };
		06E16C772856BE3900A79C41 /* Assets.xcassets */ = {isa = PBXFileReference; lastKnownFileType = folder.assetcatalog; path = Assets.xcassets; sourceTree = "<group>"; };
		06E16C7A2856BE3900A79C41 /* Base */ = {isa = PBXFileReference; lastKnownFileType = file.storyboard; name = Base; path = Base.lproj/LaunchScreen.storyboard; sourceTree = "<group>"; };
		06E16C7C2856BE3900A79C41 /* Info.plist */ = {isa = PBXFileReference; lastKnownFileType = text.plist.xml; path = Info.plist; sourceTree = "<group>"; };
		06E16C7D2856BE3900A79C41 /* main.m */ = {isa = PBXFileReference; lastKnownFileType = sourcecode.c.objc; path = main.m; sourceTree = "<group>"; };
		06E16C842856BE6B00A79C41 /* CFBundle_Grok.c */ = {isa = PBXFileReference; fileEncoding = 4; lastKnownFileType = sourcecode.c.c; path = CFBundle_Grok.c; sourceTree = "<group>"; };
		06E16C852856BE6B00A79C41 /* CFUnicodeData-L.mapping */ = {isa = PBXFileReference; lastKnownFileType = file; path = "CFUnicodeData-L.mapping"; sourceTree = "<group>"; };
		06E16C862856BE6B00A79C41 /* CFPlatformConverters.c */ = {isa = PBXFileReference; fileEncoding = 4; lastKnownFileType = sourcecode.c.c; path = CFPlatformConverters.c; sourceTree = "<group>"; };
		06E16C872856BE6B00A79C41 /* CFICUConverters.h */ = {isa = PBXFileReference; fileEncoding = 4; lastKnownFileType = sourcecode.c.h; path = CFICUConverters.h; sourceTree = "<group>"; };
		06E16C882856BE6B00A79C41 /* CFMessagePort.h */ = {isa = PBXFileReference; fileEncoding = 4; lastKnownFileType = sourcecode.c.h; path = CFMessagePort.h; sourceTree = "<group>"; };
		06E16C892856BE6B00A79C41 /* CFStream.h */ = {isa = PBXFileReference; fileEncoding = 4; lastKnownFileType = sourcecode.c.h; path = CFStream.h; sourceTree = "<group>"; };
		06E16C8A2856BE6C00A79C41 /* CFURLAccess.c */ = {isa = PBXFileReference; fileEncoding = 4; lastKnownFileType = sourcecode.c.c; path = CFURLAccess.c; sourceTree = "<group>"; };
		06E16C8B2856BE6C00A79C41 /* CFBasicHashFindBucket.m */ = {isa = PBXFileReference; fileEncoding = 4; lastKnownFileType = sourcecode.c.objc; path = CFBasicHashFindBucket.m; sourceTree = "<group>"; };
		06E16C8C2856BE6C00A79C41 /* CFURL.c */ = {isa = PBXFileReference; fileEncoding = 4; lastKnownFileType = sourcecode.c.c; path = CFURL.c; sourceTree = "<group>"; };
		06E16C8D2856BE6C00A79C41 /* CFPlugIn_Factory.h */ = {isa = PBXFileReference; fileEncoding = 4; lastKnownFileType = sourcecode.c.h; path = CFPlugIn_Factory.h; sourceTree = "<group>"; };
		06E16C8E2856BE6C00A79C41 /* CFStorage.c */ = {isa = PBXFileReference; fileEncoding = 4; lastKnownFileType = sourcecode.c.c; path = CFStorage.c; sourceTree = "<group>"; };
		06E16C8F2856BE6C00A79C41 /* CFRunLoop.h */ = {isa = PBXFileReference; fileEncoding = 4; lastKnownFileType = sourcecode.c.h; path = CFRunLoop.h; sourceTree = "<group>"; };
		06E16C902856BE6C00A79C41 /* CFTimeZone.c */ = {isa = PBXFileReference; fileEncoding = 4; lastKnownFileType = sourcecode.c.c; path = CFTimeZone.c; sourceTree = "<group>"; };
		06E16C912856BE6C00A79C41 /* CFDateFormatter.h */ = {isa = PBXFileReference; fileEncoding = 4; lastKnownFileType = sourcecode.c.h; path = CFDateFormatter.h; sourceTree = "<group>"; };
		06E16C922856BE6C00A79C41 /* CFBasicHash.c */ = {isa = PBXFileReference; fileEncoding = 4; lastKnownFileType = sourcecode.c.c; path = CFBasicHash.c; sourceTree = "<group>"; };
		06E16C932856BE6C00A79C41 /* CFLocale.c */ = {isa = PBXFileReference; fileEncoding = 4; lastKnownFileType = sourcecode.c.c; path = CFLocale.c; sourceTree = "<group>"; };
		06E16C942856BE6C00A79C41 /* CFConcreteStreams.c */ = {isa = PBXFileReference; fileEncoding = 4; lastKnownFileType = sourcecode.c.c; path = CFConcreteStreams.c; sourceTree = "<group>"; };
		06E16C952856BE6C00A79C41 /* CFStringEncodingDatabase.c */ = {isa = PBXFileReference; fileEncoding = 4; lastKnownFileType = sourcecode.c.c; path = CFStringEncodingDatabase.c; sourceTree = "<group>"; };
		06E16C962856BE6C00A79C41 /* CFUniCharPropertyDatabase.data */ = {isa = PBXFileReference; lastKnownFileType = file; path = CFUniCharPropertyDatabase.data; sourceTree = "<group>"; };
		06E16C972856BE6C00A79C41 /* CFPreferences.c */ = {isa = PBXFileReference; fileEncoding = 4; lastKnownFileType = sourcecode.c.c; path = CFPreferences.c; sourceTree = "<group>"; };
		06E16C982856BE6C00A79C41 /* CFInternal.h */ = {isa = PBXFileReference; fileEncoding = 4; lastKnownFileType = sourcecode.c.h; path = CFInternal.h; sourceTree = "<group>"; };
		06E16C9A2856BE6C00A79C41 /* CFStream.c */ = {isa = PBXFileReference; fileEncoding = 4; lastKnownFileType = sourcecode.c.c; path = CFStream.c; sourceTree = "<group>"; };
		06E16C9B2856BE6C00A79C41 /* CFMessagePort.c */ = {isa = PBXFileReference; fileEncoding = 4; lastKnownFileType = sourcecode.c.c; path = CFMessagePort.c; sourceTree = "<group>"; };
		06E16C9C2856BE6C00A79C41 /* CFUniChar.c */ = {isa = PBXFileReference; fileEncoding = 4; lastKnownFileType = sourcecode.c.c; path = CFUniChar.c; sourceTree = "<group>"; };
		06E16C9D2856BE6C00A79C41 /* CFLogUtilities.h */ = {isa = PBXFileReference; fileEncoding = 4; lastKnownFileType = sourcecode.c.h; path = CFLogUtilities.h; sourceTree = "<group>"; };
		06E16C9E2856BE6D00A79C41 /* CFBinaryHeap.c */ = {isa = PBXFileReference; fileEncoding = 4; lastKnownFileType = sourcecode.c.c; path = CFBinaryHeap.c; sourceTree = "<group>"; };
		06E16C9F2856BE6D00A79C41 /* CFSortFunctions.c */ = {isa = PBXFileReference; fileEncoding = 4; lastKnownFileType = sourcecode.c.c; path = CFSortFunctions.c; sourceTree = "<group>"; };
		06E16CA02856BE6D00A79C41 /* CFXMLParser.h */ = {isa = PBXFileReference; fileEncoding = 4; lastKnownFileType = sourcecode.c.h; path = CFXMLParser.h; sourceTree = "<group>"; };
		06E16CA12856BE6D00A79C41 /* CFBundle_BinaryTypes.h */ = {isa = PBXFileReference; fileEncoding = 4; lastKnownFileType = sourcecode.c.h; path = CFBundle_BinaryTypes.h; sourceTree = "<group>"; };
		06E16CA22856BE6D00A79C41 /* CFDate.c */ = {isa = PBXFileReference; fileEncoding = 4; lastKnownFileType = sourcecode.c.c; path = CFDate.c; sourceTree = "<group>"; };
		06E16CA32856BE6D00A79C41 /* CFPreferences.h */ = {isa = PBXFileReference; fileEncoding = 4; lastKnownFileType = sourcecode.c.h; path = CFPreferences.h; sourceTree = "<group>"; };
		06E16CA42856BE6D00A79C41 /* CFBundlePriv.h */ = {isa = PBXFileReference; fileEncoding = 4; lastKnownFileType = sourcecode.c.h; path = CFBundlePriv.h; sourceTree = "<group>"; };
		06E16CA52856BE6D00A79C41 /* CFCharacterSet.c */ = {isa = PBXFileReference; fileEncoding = 4; lastKnownFileType = sourcecode.c.c; path = CFCharacterSet.c; sourceTree = "<group>"; };
		06E16CA62856BE6D00A79C41 /* CFStreamAbstract.h */ = {isa = PBXFileReference; fileEncoding = 4; lastKnownFileType = sourcecode.c.h; path = CFStreamAbstract.h; sourceTree = "<group>"; };
		06E16CA72856BE6D00A79C41 /* CFLocale.h */ = {isa = PBXFileReference; fileEncoding = 4; lastKnownFileType = sourcecode.c.h; path = CFLocale.h; sourceTree = "<group>"; };
		06E16CA82856BE6D00A79C41 /* CFStreamPriv.h */ = {isa = PBXFileReference; fileEncoding = 4; lastKnownFileType = sourcecode.c.h; path = CFStreamPriv.h; sourceTree = "<group>"; };
		06E16CA92856BE6D00A79C41 /* CFCalendar.h */ = {isa = PBXFileReference; fileEncoding = 4; lastKnownFileType = sourcecode.c.h; path = CFCalendar.h; sourceTree = "<group>"; };
		06E16CAA2856BE6D00A79C41 /* CFXMLTree.c */ = {isa = PBXFileReference; fileEncoding = 4; lastKnownFileType = sourcecode.c.c; path = CFXMLTree.c; sourceTree = "<group>"; };
		06E16CAB2856BE6D00A79C41 /* CFXMLInputStream.h */ = {isa = PBXFileReference; fileEncoding = 4; lastKnownFileType = sourcecode.c.h; path = CFXMLInputStream.h; sourceTree = "<group>"; };
		06E16CAC2856BE6D00A79C41 /* CFError.h */ = {isa = PBXFileReference; fileEncoding = 4; lastKnownFileType = sourcecode.c.h; path = CFError.h; sourceTree = "<group>"; };
		06E16CAD2856BE6D00A79C41 /* CFStringEncodingDatabase.h */ = {isa = PBXFileReference; fileEncoding = 4; lastKnownFileType = sourcecode.c.h; path = CFStringEncodingDatabase.h; sourceTree = "<group>"; };
		06E16CAE2856BE6D00A79C41 /* CFStringScanner.c */ = {isa = PBXFileReference; fileEncoding = 4; lastKnownFileType = sourcecode.c.c; path = CFStringScanner.c; sourceTree = "<group>"; };
		06E16CAF2856BE6D00A79C41 /* CFError.c */ = {isa = PBXFileReference; fileEncoding = 4; lastKnownFileType = sourcecode.c.c; path = CFError.c; sourceTree = "<group>"; };
		06E16CB02856BE6D00A79C41 /* CFString.c */ = {isa = PBXFileReference; fileEncoding = 4; lastKnownFileType = sourcecode.c.c; path = CFString.c; sourceTree = "<group>"; };
		06E16CB12856BE6E00A79C41 /* CFLocaleKeys.c */ = {isa = PBXFileReference; fileEncoding = 4; lastKnownFileType = sourcecode.c.c; path = CFLocaleKeys.c; sourceTree = "<group>"; };
		06E16CB22856BE6E00A79C41 /* CFBurstTrie.h */ = {isa = PBXFileReference; fileEncoding = 4; lastKnownFileType = sourcecode.c.h; path = CFBurstTrie.h; sourceTree = "<group>"; };
		06E16CB32856BE6E00A79C41 /* CFStringEncodings.c */ = {isa = PBXFileReference; fileEncoding = 4; lastKnownFileType = sourcecode.c.c; path = CFStringEncodings.c; sourceTree = "<group>"; };
		06E16CB42856BE6E00A79C41 /* plconvert.c */ = {isa = PBXFileReference; fileEncoding = 4; lastKnownFileType = sourcecode.c.c; path = plconvert.c; sourceTree = "<group>"; };
		06E16CB52856BE6E00A79C41 /* CFPlugInCOM.h */ = {isa = PBXFileReference; fileEncoding = 4; lastKnownFileType = sourcecode.c.h; path = CFPlugInCOM.h; sourceTree = "<group>"; };
		06E16CB62856BE6E00A79C41 /* Makefile */ = {isa = PBXFileReference; fileEncoding = 4; lastKnownFileType = sourcecode.make; path = Makefile; sourceTree = "<group>"; };
		06E16CB72856BE6E00A79C41 /* CFBundle_Strings.c */ = {isa = PBXFileReference; fileEncoding = 4; lastKnownFileType = sourcecode.c.c; path = CFBundle_Strings.c; sourceTree = "<group>"; };
		06E16CB82856BE6E00A79C41 /* CFUserNotification.h */ = {isa = PBXFileReference; fileEncoding = 4; lastKnownFileType = sourcecode.c.h; path = CFUserNotification.h; sourceTree = "<group>"; };
		06E16CB92856BE6E00A79C41 /* CFStringEncodingConverter.h */ = {isa = PBXFileReference; fileEncoding = 4; lastKnownFileType = sourcecode.c.h; path = CFStringEncodingConverter.h; sourceTree = "<group>"; };
		06E16CBA2856BE6E00A79C41 /* CFStringEncodingExt.h */ = {isa = PBXFileReference; fileEncoding = 4; lastKnownFileType = sourcecode.c.h; path = CFStringEncodingExt.h; sourceTree = "<group>"; };
		06E16CBB2856BE6E00A79C41 /* CFMachPort.c */ = {isa = PBXFileReference; fileEncoding = 4; lastKnownFileType = sourcecode.c.c; path = CFMachPort.c; sourceTree = "<group>"; };
		06E16CBC2856BE6E00A79C41 /* CFBundle_Binary.c */ = {isa = PBXFileReference; fileEncoding = 4; lastKnownFileType = sourcecode.c.c; path = CFBundle_Binary.c; sourceTree = "<group>"; };
		06E16CBD2856BE6E00A79C41 /* CFURLAccess.h */ = {isa = PBXFileReference; fileEncoding = 4; lastKnownFileType = sourcecode.c.h; path = CFURLAccess.h; sourceTree = "<group>"; };
		06E16CBE2856BE6E00A79C41 /* CFBigNumber.c */ = {isa = PBXFileReference; fileEncoding = 4; lastKnownFileType = sourcecode.c.c; path = CFBigNumber.c; sourceTree = "<group>"; };
		06E16CBF2856BE6E00A79C41 /* CFBundle_Internal.h */ = {isa = PBXFileReference; fileEncoding = 4; lastKnownFileType = sourcecode.c.h; path = CFBundle_Internal.h; sourceTree = "<group>"; };
		06E16CC02856BE6E00A79C41 /* CFCharacterSet.h */ = {isa = PBXFileReference; fileEncoding = 4; lastKnownFileType = sourcecode.c.h; path = CFCharacterSet.h; sourceTree = "<group>"; };
		06E16CC12856BE6E00A79C41 /* CFStringDefaultEncoding.h */ = {isa = PBXFileReference; fileEncoding = 4; lastKnownFileType = sourcecode.c.h; path = CFStringDefaultEncoding.h; sourceTree = "<group>"; };
		06E16CC22856BE6E00A79C41 /* CFPlatform.c */ = {isa = PBXFileReference; fileEncoding = 4; lastKnownFileType = sourcecode.c.c; path = CFPlatform.c; sourceTree = "<group>"; };
		06E16CC32856BE6E00A79C41 /* CFNumber.h */ = {isa = PBXFileReference; fileEncoding = 4; lastKnownFileType = sourcecode.c.h; path = CFNumber.h; sourceTree = "<group>"; };
		06E16CC42856BE6E00A79C41 /* CFDictionary.c */ = {isa = PBXFileReference; fileEncoding = 4; lastKnownFileType = sourcecode.c.c; path = CFDictionary.c; sourceTree = "<group>"; };
		06E16CC52856BE6E00A79C41 /* CFStringUtilities.c */ = {isa = PBXFileReference; fileEncoding = 4; lastKnownFileType = sourcecode.c.c; path = CFStringUtilities.c; sourceTree = "<group>"; };
		06E16CC62856BE6F00A79C41 /* CFStorage.h */ = {isa = PBXFileReference; fileEncoding = 4; lastKnownFileType = sourcecode.c.h; path = CFStorage.h; sourceTree = "<group>"; };
		06E16CC72856BE6F00A79C41 /* CFTree.c */ = {isa = PBXFileReference; fileEncoding = 4; lastKnownFileType = sourcecode.c.c; path = CFTree.c; sourceTree = "<group>"; };
		06E16CC82856BE6F00A79C41 /* CFUnicodeDecomposition.c */ = {isa = PBXFileReference; fileEncoding = 4; lastKnownFileType = sourcecode.c.c; path = CFUnicodeDecomposition.c; sourceTree = "<group>"; };
		06E16CC92856BE6F00A79C41 /* CFUtilities.h */ = {isa = PBXFileReference; fileEncoding = 4; lastKnownFileType = sourcecode.c.h; path = CFUtilities.h; sourceTree = "<group>"; };
		06E16CCA2856BE6F00A79C41 /* CFBurstTrie.c */ = {isa = PBXFileReference; fileEncoding = 4; lastKnownFileType = sourcecode.c.c; path = CFBurstTrie.c; sourceTree = "<group>"; };
		06E16CCB2856BE6F00A79C41 /* CFAvailability.h */ = {isa = PBXFileReference; fileEncoding = 4; lastKnownFileType = sourcecode.c.h; path = CFAvailability.h; sourceTree = "<group>"; };
		06E16CCC2856BE6F00A79C41 /* CFRuntime.c */ = {isa = PBXFileReference; fileEncoding = 4; lastKnownFileType = sourcecode.c.c; path = CFRuntime.c; sourceTree = "<group>"; };
		06E16CCD2856BE6F00A79C41 /* CFUUID.h */ = {isa = PBXFileReference; fileEncoding = 4; lastKnownFileType = sourcecode.c.h; path = CFUUID.h; sourceTree = "<group>"; };
		06E16CCE2856BE6F00A79C41 /* CFURLPriv.h */ = {isa = PBXFileReference; fileEncoding = 4; lastKnownFileType = sourcecode.c.h; path = CFURLPriv.h; sourceTree = "<group>"; };
		06E16CCF2856BE6F00A79C41 /* CFXMLPreferencesDomain.c */ = {isa = PBXFileReference; fileEncoding = 4; lastKnownFileType = sourcecode.c.c; path = CFXMLPreferencesDomain.c; sourceTree = "<group>"; };
		06E16CD02856BE6F00A79C41 /* README_CFLITE */ = {isa = PBXFileReference; fileEncoding = 4; lastKnownFileType = text; path = README_CFLITE; sourceTree = "<group>"; };
		06E16CD12856BE6F00A79C41 /* CFBitVector.c */ = {isa = PBXFileReference; fileEncoding = 4; lastKnownFileType = sourcecode.c.c; path = CFBitVector.c; sourceTree = "<group>"; };
		06E16CD22856BE6F00A79C41 /* CFMachPort.h */ = {isa = PBXFileReference; fileEncoding = 4; lastKnownFileType = sourcecode.c.h; path = CFMachPort.h; sourceTree = "<group>"; };
		06E16CD32856BE6F00A79C41 /* CFSocket.c */ = {isa = PBXFileReference; fileEncoding = 4; lastKnownFileType = sourcecode.c.c; path = CFSocket.c; sourceTree = "<group>"; };
		06E16CD42856BE6F00A79C41 /* CFDictionary.h */ = {isa = PBXFileReference; fileEncoding = 4; lastKnownFileType = sourcecode.c.h; path = CFDictionary.h; sourceTree = "<group>"; };
		06E16CD52856BE6F00A79C41 /* CFStringEncodingConverterExt.h */ = {isa = PBXFileReference; fileEncoding = 4; lastKnownFileType = sourcecode.c.h; path = CFStringEncodingConverterExt.h; sourceTree = "<group>"; };
		06E16CD62856BE6F00A79C41 /* CFCalendar.c */ = {isa = PBXFileReference; fileEncoding = 4; lastKnownFileType = sourcecode.c.c; path = CFCalendar.c; sourceTree = "<group>"; };
		06E16CD72856BE6F00A79C41 /* MakefileVersion */ = {isa = PBXFileReference; fileEncoding = 4; lastKnownFileType = text; path = MakefileVersion; sourceTree = "<group>"; };
		06E16CD82856BE6F00A79C41 /* CFPlugIn.c */ = {isa = PBXFileReference; fileEncoding = 4; lastKnownFileType = sourcecode.c.c; path = CFPlugIn.c; sourceTree = "<group>"; };
		06E16CD92856BE6F00A79C41 /* CFBasicHash.h */ = {isa = PBXFileReference; fileEncoding = 4; lastKnownFileType = sourcecode.c.h; path = CFBasicHash.h; sourceTree = "<group>"; };
		06E16CDA2856BE7000A79C41 /* CFUtilities.c */ = {isa = PBXFileReference; fileEncoding = 4; lastKnownFileType = sourcecode.c.c; path = CFUtilities.c; sourceTree = "<group>"; };
		06E16CDB2856BE7000A79C41 /* CFNumberFormatter.c */ = {isa = PBXFileReference; fileEncoding = 4; lastKnownFileType = sourcecode.c.c; path = CFNumberFormatter.c; sourceTree = "<group>"; };
		06E16CDC2856BE7000A79C41 /* CFICULogging.h */ = {isa = PBXFileReference; fileEncoding = 4; lastKnownFileType = sourcecode.c.h; path = CFICULogging.h; sourceTree = "<group>"; };
		06E16CDD2856BE7000A79C41 /* CFSocket.h */ = {isa = PBXFileReference; fileEncoding = 4; lastKnownFileType = sourcecode.c.h; path = CFSocket.h; sourceTree = "<group>"; };
		06E16CDE2856BE7000A79C41 /* CFPropertyList.c */ = {isa = PBXFileReference; fileEncoding = 4; lastKnownFileType = sourcecode.c.c; path = CFPropertyList.c; sourceTree = "<group>"; };
		06E16CDF2856BE7000A79C41 /* CFBigNumber.h */ = {isa = PBXFileReference; fileEncoding = 4; lastKnownFileType = sourcecode.c.h; path = CFBigNumber.h; sourceTree = "<group>"; };
		06E16CE02856BE7000A79C41 /* CFOldStylePList.c */ = {isa = PBXFileReference; fileEncoding = 4; lastKnownFileType = sourcecode.c.c; path = CFOldStylePList.c; sourceTree = "<group>"; };
		06E16CE12856BE7000A79C41 /* CFUnicodeData-B.mapping */ = {isa = PBXFileReference; lastKnownFileType = file; path = "CFUnicodeData-B.mapping"; sourceTree = "<group>"; };
		06E16CE22856BE7000A79C41 /* CFSet.h */ = {isa = PBXFileReference; fileEncoding = 4; lastKnownFileType = sourcecode.c.h; path = CFSet.h; sourceTree = "<group>"; };
		06E16CE32856BE7000A79C41 /* PropertyList.dtd */ = {isa = PBXFileReference; fileEncoding = 4; lastKnownFileType = text.xml; path = PropertyList.dtd; sourceTree = "<group>"; };
		06E16CE42856BE7000A79C41 /* CFRuntime.h */ = {isa = PBXFileReference; fileEncoding = 4; lastKnownFileType = sourcecode.c.h; path = CFRuntime.h; sourceTree = "<group>"; };
		06E16CE52856BE7000A79C41 /* CoreFoundation_Prefix.h */ = {isa = PBXFileReference; fileEncoding = 4; lastKnownFileType = sourcecode.c.h; path = CoreFoundation_Prefix.h; sourceTree = "<group>"; };
		06E16CE62856BE7000A79C41 /* MakefileLinux */ = {isa = PBXFileReference; fileEncoding = 4; lastKnownFileType = text; path = MakefileLinux; sourceTree = "<group>"; };
		06E16CE72856BE7000A79C41 /* CFDate.h */ = {isa = PBXFileReference; fileEncoding = 4; lastKnownFileType = sourcecode.c.h; path = CFDate.h; sourceTree = "<group>"; };
		06E16CE82856BE7000A79C41 /* CFBinaryHeap.h */ = {isa = PBXFileReference; fileEncoding = 4; lastKnownFileType = sourcecode.c.h; path = CFBinaryHeap.h; sourceTree = "<group>"; };
		06E16CE92856BE7000A79C41 /* CFByteOrder.h */ = {isa = PBXFileReference; fileEncoding = 4; lastKnownFileType = sourcecode.c.h; path = CFByteOrder.h; sourceTree = "<group>"; };
		06E16CEA2856BE7000A79C41 /* CFDateFormatter.c */ = {isa = PBXFileReference; fileEncoding = 4; lastKnownFileType = sourcecode.c.c; path = CFDateFormatter.c; sourceTree = "<group>"; };
		06E16CEB2856BE7000A79C41 /* CFPropertyList.h */ = {isa = PBXFileReference; fileEncoding = 4; lastKnownFileType = sourcecode.c.h; path = CFPropertyList.h; sourceTree = "<group>"; };
		06E16CEC2856BE7000A79C41 /* CFUnicodePrecomposition.c */ = {isa = PBXFileReference; fileEncoding = 4; lastKnownFileType = sourcecode.c.c; path = CFUnicodePrecomposition.c; sourceTree = "<group>"; };
		06E16CED2856BE7000A79C41 /* CFURL.h */ = {isa = PBXFileReference; fileEncoding = 4; lastKnownFileType = sourcecode.c.h; path = CFURL.h; sourceTree = "<group>"; };
		06E16CEE2856BE7000A79C41 /* CFWindowsUtilities.c */ = {isa = PBXFileReference; fileEncoding = 4; lastKnownFileType = sourcecode.c.c; path = CFWindowsUtilities.c; sourceTree = "<group>"; };
		06E16CEF2856BE7100A79C41 /* ForFoundationOnly.h */ = {isa = PBXFileReference; fileEncoding = 4; lastKnownFileType = sourcecode.c.h; path = ForFoundationOnly.h; sourceTree = "<group>"; };
		06E16CF02856BE7100A79C41 /* CFString.h */ = {isa = PBXFileReference; fileEncoding = 4; lastKnownFileType = sourcecode.c.h; path = CFString.h; sourceTree = "<group>"; };
		06E16CF12856BE7100A79C41 /* CFUniCharPriv.h */ = {isa = PBXFileReference; fileEncoding = 4; lastKnownFileType = sourcecode.c.h; path = CFUniCharPriv.h; sourceTree = "<group>"; };
		06E16CF22856BE7100A79C41 /* CFApplicationPreferences.c */ = {isa = PBXFileReference; fileEncoding = 4; lastKnownFileType = sourcecode.c.c; path = CFApplicationPreferences.c; sourceTree = "<group>"; };
		06E16CF32856BE7100A79C41 /* CFLocaleIdentifier.c */ = {isa = PBXFileReference; fileEncoding = 4; lastKnownFileType = sourcecode.c.c; path = CFLocaleIdentifier.c; sourceTree = "<group>"; };
		06E16CF42856BE7100A79C41 /* CFUUID.c */ = {isa = PBXFileReference; fileEncoding = 4; lastKnownFileType = sourcecode.c.c; path = CFUUID.c; sourceTree = "<group>"; };
		06E16CF52856BE7100A79C41 /* CFUnicodePrecomposition.h */ = {isa = PBXFileReference; fileEncoding = 4; lastKnownFileType = sourcecode.c.h; path = CFUnicodePrecomposition.h; sourceTree = "<group>"; };
		06E16CF62856BE7100A79C41 /* CFTree.h */ = {isa = PBXFileReference; fileEncoding = 4; lastKnownFileType = sourcecode.c.h; path = CFTree.h; sourceTree = "<group>"; };
		06E16CF72856BE7100A79C41 /* CFXMLNode.h */ = {isa = PBXFileReference; fileEncoding = 4; lastKnownFileType = sourcecode.c.h; path = CFXMLNode.h; sourceTree = "<group>"; };
		06E16CF82856BE7100A79C41 /* SymbolAliases */ = {isa = PBXFileReference; fileEncoding = 4; lastKnownFileType = text; path = SymbolAliases; sourceTree = "<group>"; };
		06E16CF92856BE7100A79C41 /* TargetConditionals.h */ = {isa = PBXFileReference; fileEncoding = 4; lastKnownFileType = sourcecode.c.h; path = TargetConditionals.h; sourceTree = "<group>"; };
		06E16CFA2856BE7100A79C41 /* CFArray.c */ = {isa = PBXFileReference; fileEncoding = 4; lastKnownFileType = sourcecode.c.c; path = CFArray.c; sourceTree = "<group>"; };
		06E16CFB2856BE7100A79C41 /* CFPlugIn_Instance.c */ = {isa = PBXFileReference; fileEncoding = 4; lastKnownFileType = sourcecode.c.c; path = CFPlugIn_Instance.c; sourceTree = "<group>"; };
		06E16CFC2856BE7100A79C41 /* APPLE_LICENSE */ = {isa = PBXFileReference; fileEncoding = 4; lastKnownFileType = text; path = APPLE_LICENSE; sourceTree = "<group>"; };
		06E16CFD2856BE7100A79C41 /* CFFileUtilities.c */ = {isa = PBXFileReference; fileEncoding = 4; lastKnownFileType = sourcecode.c.c; path = CFFileUtilities.c; sourceTree = "<group>"; };
		06E16CFE2856BE7100A79C41 /* CFData.h */ = {isa = PBXFileReference; fileEncoding = 4; lastKnownFileType = sourcecode.c.h; path = CFData.h; sourceTree = "<group>"; };
		06E16CFF2856BE7100A79C41 /* CFUserNotification.c */ = {isa = PBXFileReference; fileEncoding = 4; lastKnownFileType = sourcecode.c.c; path = CFUserNotification.c; sourceTree = "<group>"; };
		06E16D002856BE7100A79C41 /* CFPlugIn.h */ = {isa = PBXFileReference; fileEncoding = 4; lastKnownFileType = sourcecode.c.h; path = CFPlugIn.h; sourceTree = "<group>"; };
		06E16D012856BE7100A79C41 /* CFCharacterSetPriv.h */ = {isa = PBXFileReference; fileEncoding = 4; lastKnownFileType = sourcecode.c.h; path = CFCharacterSetPriv.h; sourceTree = "<group>"; };
		06E16D022856BE7100A79C41 /* CFICUConverters.c */ = {isa = PBXFileReference; fileEncoding = 4; lastKnownFileType = sourcecode.c.c; path = CFICUConverters.c; sourceTree = "<group>"; };
		06E16D032856BE7100A79C41 /* CFBundle.c */ = {isa = PBXFileReference; fileEncoding = 4; lastKnownFileType = sourcecode.c.c; path = CFBundle.c; sourceTree = "<group>"; };
		06E16D042856BE7200A79C41 /* CFError_Private.h */ = {isa = PBXFileReference; fileEncoding = 4; lastKnownFileType = sourcecode.c.h; path = CFError_Private.h; sourceTree = "<group>"; };
		06E16D052856BE7200A79C41 /* CFPriv.h */ = {isa = PBXFileReference; fileEncoding = 4; lastKnownFileType = sourcecode.c.h; path = CFPriv.h; sourceTree = "<group>"; };
		06E16D062856BE7200A79C41 /* CFBase.c */ = {isa = PBXFileReference; fileEncoding = 4; lastKnownFileType = sourcecode.c.c; path = CFBase.c; sourceTree = "<group>"; };
		06E16D072856BE7200A79C41 /* CFVersion.c */ = {isa = PBXFileReference; fileEncoding = 4; lastKnownFileType = sourcecode.c.c; path = CFVersion.c; sourceTree = "<group>"; };
		06E16D082856BE7200A79C41 /* CFSocketStream.c */ = {isa = PBXFileReference; fileEncoding = 4; lastKnownFileType = sourcecode.c.c; path = CFSocketStream.c; sourceTree = "<group>"; };
		06E16D092856BE7200A79C41 /* CFXMLNode.c */ = {isa = PBXFileReference; fileEncoding = 4; lastKnownFileType = sourcecode.c.c; path = CFXMLNode.c; sourceTree = "<group>"; };
		06E16D0A2856BE7200A79C41 /* CFStringEncodingConverter.c */ = {isa = PBXFileReference; fileEncoding = 4; lastKnownFileType = sourcecode.c.c; path = CFStringEncodingConverter.c; sourceTree = "<group>"; };
		06E16D0B2856BE7200A79C41 /* CFBundle_InfoPlist.c */ = {isa = PBXFileReference; fileEncoding = 4; lastKnownFileType = sourcecode.c.c; path = CFBundle_InfoPlist.c; sourceTree = "<group>"; };
		06E16D0C2856BE7200A79C41 /* CFBuiltinConverters.c */ = {isa = PBXFileReference; fileEncoding = 4; lastKnownFileType = sourcecode.c.c; path = CFBuiltinConverters.c; sourceTree = "<group>"; };
		06E16D0D2856BE7200A79C41 /* CFRunLoop.c */ = {isa = PBXFileReference; fileEncoding = 4; lastKnownFileType = sourcecode.c.c; path = CFRunLoop.c; sourceTree = "<group>"; };
		06E16D0E2856BE7200A79C41 /* CoreFoundation.h */ = {isa = PBXFileReference; fileEncoding = 4; lastKnownFileType = sourcecode.c.h; path = CoreFoundation.h; sourceTree = "<group>"; };
		06E16D0F2856BE7200A79C41 /* CFTimeZone.h */ = {isa = PBXFileReference; fileEncoding = 4; lastKnownFileType = sourcecode.c.h; path = CFTimeZone.h; sourceTree = "<group>"; };
		06E16D102856BE7200A79C41 /* CFBitVector.h */ = {isa = PBXFileReference; fileEncoding = 4; lastKnownFileType = sourcecode.c.h; path = CFBitVector.h; sourceTree = "<group>"; };
		06E16D112856BE7200A79C41 /* CFBag.c */ = {isa = PBXFileReference; fileEncoding = 4; lastKnownFileType = sourcecode.c.c; path = CFBag.c; sourceTree = "<group>"; };
		06E16D122856BE7200A79C41 /* CFLocaleInternal.h */ = {isa = PBXFileReference; fileEncoding = 4; lastKnownFileType = sourcecode.c.h; path = CFLocaleInternal.h; sourceTree = "<group>"; };
		06E16D132856BE7200A79C41 /* CFXMLParser.c */ = {isa = PBXFileReference; fileEncoding = 4; lastKnownFileType = sourcecode.c.c; path = CFXMLParser.c; sourceTree = "<group>"; };
		06E16D142856BE7200A79C41 /* CFBase.h */ = {isa = PBXFileReference; fileEncoding = 4; lastKnownFileType = sourcecode.c.h; path = CFBase.h; sourceTree = "<group>"; };
		06E16D152856BE7200A79C41 /* CFData.c */ = {isa = PBXFileReference; fileEncoding = 4; lastKnownFileType = sourcecode.c.c; path = CFData.c; sourceTree = "<group>"; };
		06E16D162856BE7200A79C41 /* CFBundle.h */ = {isa = PBXFileReference; fileEncoding = 4; lastKnownFileType = sourcecode.c.h; path = CFBundle.h; sourceTree = "<group>"; };
		06E16D172856BE7200A79C41 /* CFArray.h */ = {isa = PBXFileReference; fileEncoding = 4; lastKnownFileType = sourcecode.c.h; path = CFArray.h; sourceTree = "<group>"; };
		06E16D182856BE7200A79C41 /* CFNumber.c */ = {isa = PBXFileReference; fileEncoding = 4; lastKnownFileType = sourcecode.c.c; path = CFNumber.c; sourceTree = "<group>"; };
		06E16D192856BE7300A79C41 /* CFBinaryPList.c */ = {isa = PBXFileReference; fileEncoding = 4; lastKnownFileType = sourcecode.c.c; path = CFBinaryPList.c; sourceTree = "<group>"; };
		06E16D1A2856BE7300A79C41 /* CFStringEncodingConverterPriv.h */ = {isa = PBXFileReference; fileEncoding = 4; lastKnownFileType = sourcecode.c.h; path = CFStringEncodingConverterPriv.h; sourceTree = "<group>"; };
		06E16D1B2856BE7300A79C41 /* CFBundle_Resources.c */ = {isa = PBXFileReference; fileEncoding = 4; lastKnownFileType = sourcecode.c.c; path = CFBundle_Resources.c; sourceTree = "<group>"; };
		06E16D1C2856BE7300A79C41 /* CFCharacterSetBitmaps.bitmap */ = {isa = PBXFileReference; lastKnownFileType = file; path = CFCharacterSetBitmaps.bitmap; sourceTree = "<group>"; };
		06E16D1D2856BE7300A79C41 /* CFBundle_Locale.c */ = {isa = PBXFileReference; fileEncoding = 4; lastKnownFileType = sourcecode.c.c; path = CFBundle_Locale.c; sourceTree = "<group>"; };
		06E16D1E2856BE7300A79C41 /* CFUniChar.h */ = {isa = PBXFileReference; fileEncoding = 4; lastKnownFileType = sourcecode.c.h; path = CFUniChar.h; sourceTree = "<group>"; };
		06E16D1F2856BE7300A79C41 /* CFXMLInputStream.c */ = {isa = PBXFileReference; fileEncoding = 4; lastKnownFileType = sourcecode.c.c; path = CFXMLInputStream.c; sourceTree = "<group>"; };
		06E16D202856BE7300A79C41 /* CFURL.inc.h */ = {isa = PBXFileReference; fileEncoding = 4; lastKnownFileType = sourcecode.c.h; path = CFURL.inc.h; sourceTree = "<group>"; };
		06E16D212856BE7300A79C41 /* CFPlugIn_Factory.c */ = {isa = PBXFileReference; fileEncoding = 4; lastKnownFileType = sourcecode.c.c; path = CFPlugIn_Factory.c; sourceTree = "<group>"; };
		06E16D222856BE7300A79C41 /* CFBag.h */ = {isa = PBXFileReference; fileEncoding = 4; lastKnownFileType = sourcecode.c.h; path = CFBag.h; sourceTree = "<group>"; };
		06E16D232856BE7300A79C41 /* CFSet.c */ = {isa = PBXFileReference; fileEncoding = 4; lastKnownFileType = sourcecode.c.c; path = CFSet.c; sourceTree = "<group>"; };
		06E16D242856BE7300A79C41 /* CFNumberFormatter.h */ = {isa = PBXFileReference; fileEncoding = 4; lastKnownFileType = sourcecode.c.h; path = CFNumberFormatter.h; sourceTree = "<group>"; };
		06E16D252856BE7300A79C41 /* CFStreamInternal.h */ = {isa = PBXFileReference; fileEncoding = 4; lastKnownFileType = sourcecode.c.h; path = CFStreamInternal.h; sourceTree = "<group>"; };
		06E16D262856BE7300A79C41 /* CFSystemDirectories.c */ = {isa = PBXFileReference; fileEncoding = 4; lastKnownFileType = sourcecode.c.c; path = CFSystemDirectories.c; sourceTree = "<group>"; };
		06E16D272856BE7300A79C41 /* CFUnicodeDecomposition.h */ = {isa = PBXFileReference; fileEncoding = 4; lastKnownFileType = sourcecode.c.h; path = CFUnicodeDecomposition.h; sourceTree = "<group>"; };
		06E16D282856BE7300A79C41 /* CFPlugIn_PlugIn.c */ = {isa = PBXFileReference; fileEncoding = 4; lastKnownFileType = sourcecode.c.c; path = CFPlugIn_PlugIn.c; sourceTree = "<group>"; };
/* End PBXFileReference section */

/* Begin PBXFrameworksBuildPhase section */
		06E16C652856BE3800A79C41 /* Frameworks */ = {
			isa = PBXFrameworksBuildPhase;
			buildActionMask = 2147483647;
			files = (
			);
			runOnlyForDeploymentPostprocessing = 0;
		};
/* End PBXFrameworksBuildPhase section */

/* Begin PBXGroup section */
		06E16C5F2856BE3800A79C41 = {
			isa = PBXGroup;
			children = (
				06E16C6A2856BE3800A79C41 /* Runloop源码 */,
				06E16C692856BE3800A79C41 /* Products */,
			);
			sourceTree = "<group>";
		};
		06E16C692856BE3800A79C41 /* Products */ = {
			isa = PBXGroup;
			children = (
				06E16C682856BE3800A79C41 /* Runloop源码.app */,
			);
			name = Products;
			sourceTree = "<group>";
		};
		06E16C6A2856BE3800A79C41 /* Runloop源码 */ = {
			isa = PBXGroup;
			children = (
				06E16C6B2856BE3800A79C41 /* AppDelegate.h */,
				06E16C6C2856BE3800A79C41 /* AppDelegate.m */,
				06E16C6E2856BE3800A79C41 /* SceneDelegate.h */,
				06E16C6F2856BE3800A79C41 /* SceneDelegate.m */,
				06E16C712856BE3800A79C41 /* ViewController.h */,
				06E16C722856BE3800A79C41 /* ViewController.m */,
				06E16CFC2856BE7100A79C41 /* APPLE_LICENSE */,
				06E16CF22856BE7100A79C41 /* CFApplicationPreferences.c */,
				06E16CFA2856BE7100A79C41 /* CFArray.c */,
				06E16D172856BE7200A79C41 /* CFArray.h */,
				06E16CCB2856BE6F00A79C41 /* CFAvailability.h */,
				06E16D112856BE7200A79C41 /* CFBag.c */,
				06E16D222856BE7300A79C41 /* CFBag.h */,
				06E16D062856BE7200A79C41 /* CFBase.c */,
				06E16D142856BE7200A79C41 /* CFBase.h */,
				06E16C922856BE6C00A79C41 /* CFBasicHash.c */,
				06E16CD92856BE6F00A79C41 /* CFBasicHash.h */,
				06E16C8B2856BE6C00A79C41 /* CFBasicHashFindBucket.m */,
				06E16CBE2856BE6E00A79C41 /* CFBigNumber.c */,
				06E16CDF2856BE7000A79C41 /* CFBigNumber.h */,
				06E16C9E2856BE6D00A79C41 /* CFBinaryHeap.c */,
				06E16CE82856BE7000A79C41 /* CFBinaryHeap.h */,
				06E16D192856BE7300A79C41 /* CFBinaryPList.c */,
				06E16CD12856BE6F00A79C41 /* CFBitVector.c */,
				06E16D102856BE7200A79C41 /* CFBitVector.h */,
				06E16D0C2856BE7200A79C41 /* CFBuiltinConverters.c */,
				06E16CBC2856BE6E00A79C41 /* CFBundle_Binary.c */,
				06E16CA12856BE6D00A79C41 /* CFBundle_BinaryTypes.h */,
				06E16C842856BE6B00A79C41 /* CFBundle_Grok.c */,
				06E16D0B2856BE7200A79C41 /* CFBundle_InfoPlist.c */,
				06E16CBF2856BE6E00A79C41 /* CFBundle_Internal.h */,
				06E16D1D2856BE7300A79C41 /* CFBundle_Locale.c */,
				06E16D1B2856BE7300A79C41 /* CFBundle_Resources.c */,
				06E16CB72856BE6E00A79C41 /* CFBundle_Strings.c */,
				06E16D032856BE7100A79C41 /* CFBundle.c */,
				06E16D162856BE7200A79C41 /* CFBundle.h */,
				06E16CA42856BE6D00A79C41 /* CFBundlePriv.h */,
				06E16CCA2856BE6F00A79C41 /* CFBurstTrie.c */,
				06E16CB22856BE6E00A79C41 /* CFBurstTrie.h */,
				06E16CE92856BE7000A79C41 /* CFByteOrder.h */,
				06E16CD62856BE6F00A79C41 /* CFCalendar.c */,
				06E16CA92856BE6D00A79C41 /* CFCalendar.h */,
				06E16CA52856BE6D00A79C41 /* CFCharacterSet.c */,
				06E16CC02856BE6E00A79C41 /* CFCharacterSet.h */,
				06E16D1C2856BE7300A79C41 /* CFCharacterSetBitmaps.bitmap */,
				06E16D012856BE7100A79C41 /* CFCharacterSetPriv.h */,
				06E16C942856BE6C00A79C41 /* CFConcreteStreams.c */,
				06E16D152856BE7200A79C41 /* CFData.c */,
				06E16CFE2856BE7100A79C41 /* CFData.h */,
				06E16CA22856BE6D00A79C41 /* CFDate.c */,
				06E16CE72856BE7000A79C41 /* CFDate.h */,
				06E16CEA2856BE7000A79C41 /* CFDateFormatter.c */,
				06E16C912856BE6C00A79C41 /* CFDateFormatter.h */,
				06E16CC42856BE6E00A79C41 /* CFDictionary.c */,
				06E16CD42856BE6F00A79C41 /* CFDictionary.h */,
				06E16D042856BE7200A79C41 /* CFError_Private.h */,
				06E16CAF2856BE6D00A79C41 /* CFError.c */,
				06E16CAC2856BE6D00A79C41 /* CFError.h */,
				06E16CFD2856BE7100A79C41 /* CFFileUtilities.c */,
				06E16D022856BE7100A79C41 /* CFICUConverters.c */,
				06E16C872856BE6B00A79C41 /* CFICUConverters.h */,
				06E16CDC2856BE7000A79C41 /* CFICULogging.h */,
				06E16C982856BE6C00A79C41 /* CFInternal.h */,
				06E16C932856BE6C00A79C41 /* CFLocale.c */,
				06E16CA72856BE6D00A79C41 /* CFLocale.h */,
				06E16CF32856BE7100A79C41 /* CFLocaleIdentifier.c */,
				06E16D122856BE7200A79C41 /* CFLocaleInternal.h */,
				06E16CB12856BE6E00A79C41 /* CFLocaleKeys.c */,
				06E16C9D2856BE6C00A79C41 /* CFLogUtilities.h */,
				06E16CBB2856BE6E00A79C41 /* CFMachPort.c */,
				06E16CD22856BE6F00A79C41 /* CFMachPort.h */,
				06E16C9B2856BE6C00A79C41 /* CFMessagePort.c */,
				06E16C882856BE6B00A79C41 /* CFMessagePort.h */,
				06E16D182856BE7200A79C41 /* CFNumber.c */,
				06E16CC32856BE6E00A79C41 /* CFNumber.h */,
				06E16CDB2856BE7000A79C41 /* CFNumberFormatter.c */,
				06E16D242856BE7300A79C41 /* CFNumberFormatter.h */,
				06E16CE02856BE7000A79C41 /* CFOldStylePList.c */,
				06E16CC22856BE6E00A79C41 /* CFPlatform.c */,
				06E16C862856BE6B00A79C41 /* CFPlatformConverters.c */,
				06E16D212856BE7300A79C41 /* CFPlugIn_Factory.c */,
				06E16C8D2856BE6C00A79C41 /* CFPlugIn_Factory.h */,
				06E16CFB2856BE7100A79C41 /* CFPlugIn_Instance.c */,
				06E16D282856BE7300A79C41 /* CFPlugIn_PlugIn.c */,
				06E16CD82856BE6F00A79C41 /* CFPlugIn.c */,
				06E16D002856BE7100A79C41 /* CFPlugIn.h */,
				06E16CB52856BE6E00A79C41 /* CFPlugInCOM.h */,
				06E16C972856BE6C00A79C41 /* CFPreferences.c */,
				06E16CA32856BE6D00A79C41 /* CFPreferences.h */,
				06E16D052856BE7200A79C41 /* CFPriv.h */,
				06E16CDE2856BE7000A79C41 /* CFPropertyList.c */,
				06E16CEB2856BE7000A79C41 /* CFPropertyList.h */,
				06E16D0D2856BE7200A79C41 /* CFRunLoop.c */,
				06E16C8F2856BE6C00A79C41 /* CFRunLoop.h */,
				06E16CCC2856BE6F00A79C41 /* CFRuntime.c */,
				06E16CE42856BE7000A79C41 /* CFRuntime.h */,
				06E16D232856BE7300A79C41 /* CFSet.c */,
				06E16CE22856BE7000A79C41 /* CFSet.h */,
				06E16CD32856BE6F00A79C41 /* CFSocket.c */,
				06E16CDD2856BE7000A79C41 /* CFSocket.h */,
				06E16D082856BE7200A79C41 /* CFSocketStream.c */,
				06E16C9F2856BE6D00A79C41 /* CFSortFunctions.c */,
				06E16C8E2856BE6C00A79C41 /* CFStorage.c */,
				06E16CC62856BE6F00A79C41 /* CFStorage.h */,
				06E16C9A2856BE6C00A79C41 /* CFStream.c */,
				06E16C892856BE6B00A79C41 /* CFStream.h */,
				06E16CA62856BE6D00A79C41 /* CFStreamAbstract.h */,
				06E16D252856BE7300A79C41 /* CFStreamInternal.h */,
				06E16CA82856BE6D00A79C41 /* CFStreamPriv.h */,
				06E16CB02856BE6D00A79C41 /* CFString.c */,
				06E16CF02856BE7100A79C41 /* CFString.h */,
				06E16CC12856BE6E00A79C41 /* CFStringDefaultEncoding.h */,
				06E16D0A2856BE7200A79C41 /* CFStringEncodingConverter.c */,
				06E16CB92856BE6E00A79C41 /* CFStringEncodingConverter.h */,
				06E16CD52856BE6F00A79C41 /* CFStringEncodingConverterExt.h */,
				06E16D1A2856BE7300A79C41 /* CFStringEncodingConverterPriv.h */,
				06E16C952856BE6C00A79C41 /* CFStringEncodingDatabase.c */,
				06E16CAD2856BE6D00A79C41 /* CFStringEncodingDatabase.h */,
				06E16CBA2856BE6E00A79C41 /* CFStringEncodingExt.h */,
				06E16CB32856BE6E00A79C41 /* CFStringEncodings.c */,
				06E16CAE2856BE6D00A79C41 /* CFStringScanner.c */,
				06E16CC52856BE6E00A79C41 /* CFStringUtilities.c */,
				06E16D262856BE7300A79C41 /* CFSystemDirectories.c */,
				06E16C902856BE6C00A79C41 /* CFTimeZone.c */,
				06E16D0F2856BE7200A79C41 /* CFTimeZone.h */,
				06E16CC72856BE6F00A79C41 /* CFTree.c */,
				06E16CF62856BE7100A79C41 /* CFTree.h */,
				06E16C9C2856BE6C00A79C41 /* CFUniChar.c */,
				06E16D1E2856BE7300A79C41 /* CFUniChar.h */,
				06E16CF12856BE7100A79C41 /* CFUniCharPriv.h */,
				06E16C962856BE6C00A79C41 /* CFUniCharPropertyDatabase.data */,
				06E16CE12856BE7000A79C41 /* CFUnicodeData-B.mapping */,
				06E16C852856BE6B00A79C41 /* CFUnicodeData-L.mapping */,
				06E16CC82856BE6F00A79C41 /* CFUnicodeDecomposition.c */,
				06E16D272856BE7300A79C41 /* CFUnicodeDecomposition.h */,
				06E16CEC2856BE7000A79C41 /* CFUnicodePrecomposition.c */,
				06E16CF52856BE7100A79C41 /* CFUnicodePrecomposition.h */,
				06E16C8C2856BE6C00A79C41 /* CFURL.c */,
				06E16CED2856BE7000A79C41 /* CFURL.h */,
				06E16D202856BE7300A79C41 /* CFURL.inc.h */,
				06E16C8A2856BE6C00A79C41 /* CFURLAccess.c */,
				06E16CBD2856BE6E00A79C41 /* CFURLAccess.h */,
				06E16CCE2856BE6F00A79C41 /* CFURLPriv.h */,
				06E16CFF2856BE7100A79C41 /* CFUserNotification.c */,
				06E16CB82856BE6E00A79C41 /* CFUserNotification.h */,
				06E16CDA2856BE7000A79C41 /* CFUtilities.c */,
				06E16CC92856BE6F00A79C41 /* CFUtilities.h */,
				06E16CF42856BE7100A79C41 /* CFUUID.c */,
				06E16CCD2856BE6F00A79C41 /* CFUUID.h */,
				06E16D072856BE7200A79C41 /* CFVersion.c */,
				06E16CEE2856BE7000A79C41 /* CFWindowsUtilities.c */,
				06E16D1F2856BE7300A79C41 /* CFXMLInputStream.c */,
				06E16CAB2856BE6D00A79C41 /* CFXMLInputStream.h */,
				06E16D092856BE7200A79C41 /* CFXMLNode.c */,
				06E16CF72856BE7100A79C41 /* CFXMLNode.h */,
				06E16D132856BE7200A79C41 /* CFXMLParser.c */,
				06E16CA02856BE6D00A79C41 /* CFXMLParser.h */,
				06E16CCF2856BE6F00A79C41 /* CFXMLPreferencesDomain.c */,
				06E16CAA2856BE6D00A79C41 /* CFXMLTree.c */,
				06E16CE52856BE7000A79C41 /* CoreFoundation_Prefix.h */,
				06E16D0E2856BE7200A79C41 /* CoreFoundation.h */,
				06E16CEF2856BE7100A79C41 /* ForFoundationOnly.h */,
				06E16CB62856BE6E00A79C41 /* Makefile */,
				06E16CE62856BE7000A79C41 /* MakefileLinux */,
				06E16CD72856BE6F00A79C41 /* MakefileVersion */,
				06E16CB42856BE6E00A79C41 /* plconvert.c */,
				06E16CE32856BE7000A79C41 /* PropertyList.dtd */,
				06E16CD02856BE6F00A79C41 /* README_CFLITE */,
				06E16CF82856BE7100A79C41 /* SymbolAliases */,
				06E16CF92856BE7100A79C41 /* TargetConditionals.h */,
				06E16C742856BE3800A79C41 /* Main.storyboard */,
				06E16C772856BE3900A79C41 /* Assets.xcassets */,
				06E16C792856BE3900A79C41 /* LaunchScreen.storyboard */,
				06E16C7C2856BE3900A79C41 /* Info.plist */,
				06E16C7D2856BE3900A79C41 /* main.m */,
			);
			path = "Runloop源码";
			sourceTree = "<group>";
		};
/* End PBXGroup section */

/* Begin PBXNativeTarget section */
		06E16C672856BE3800A79C41 /* Runloop源码 */ = {
			isa = PBXNativeTarget;
			buildConfigurationList = 06E16C812856BE3900A79C41 /* Build configuration list for PBXNativeTarget "Runloop源码" */;
			buildPhases = (
				06E16C642856BE3800A79C41 /* Sources */,
				06E16C652856BE3800A79C41 /* Frameworks */,
				06E16C662856BE3800A79C41 /* Resources */,
			);
			buildRules = (
			);
			dependencies = (
			);
			name = "Runloop源码";
			productName = "Runloop源码";
			productReference = 06E16C682856BE3800A79C41 /* Runloop源码.app */;
			productType = "com.apple.product-type.application";
		};
/* End PBXNativeTarget section */

/* Begin PBXProject section */
		06E16C602856BE3800A79C41 /* Project object */ = {
			isa = PBXProject;
			attributes = {
				BuildIndependentTargetsInParallel = 1;
				LastUpgradeCheck = 1320;
				TargetAttributes = {
					06E16C672856BE3800A79C41 = {
						CreatedOnToolsVersion = 13.2.1;
					};
				};
			};
			buildConfigurationList = 06E16C632856BE3800A79C41 /* Build configuration list for PBXProject "Runloop源码" */;
			compatibilityVersion = "Xcode 13.0";
			developmentRegion = en;
			hasScannedForEncodings = 0;
			knownRegions = (
				en,
				Base,
			);
			mainGroup = 06E16C5F2856BE3800A79C41;
			productRefGroup = 06E16C692856BE3800A79C41 /* Products */;
			projectDirPath = "";
			projectRoot = "";
			targets = (
				06E16C672856BE3800A79C41 /* Runloop源码 */,
			);
		};
/* End PBXProject section */

/* Begin PBXResourcesBuildPhase section */
		06E16C662856BE3800A79C41 /* Resources */ = {
			isa = PBXResourcesBuildPhase;
			buildActionMask = 2147483647;
			files = (
				06E16D2A2856BE7300A79C41 /* CFUnicodeData-L.mapping in Resources */,
				06E16C7B2856BE3900A79C41 /* LaunchScreen.storyboard in Resources */,
				06E16D692856BE7300A79C41 /* APPLE_LICENSE in Resources */,
				06E16D572856BE7300A79C41 /* MakefileVersion in Resources */,
				06E16D532856BE7300A79C41 /* README_CFLITE in Resources */,
				06E16D5F2856BE7300A79C41 /* MakefileLinux in Resources */,
				06E16D5D2856BE7300A79C41 /* CFUnicodeData-B.mapping in Resources */,
				06E16D352856BE7300A79C41 /* CFUniCharPropertyDatabase.data in Resources */,
				06E16D5E2856BE7300A79C41 /* PropertyList.dtd in Resources */,
				06E16D662856BE7300A79C41 /* SymbolAliases in Resources */,
				06E16D7C2856BE7300A79C41 /* CFCharacterSetBitmaps.bitmap in Resources */,
				06E16C782856BE3900A79C41 /* Assets.xcassets in Resources */,
				06E16C762856BE3800A79C41 /* Main.storyboard in Resources */,
			);
			runOnlyForDeploymentPostprocessing = 0;
		};
/* End PBXResourcesBuildPhase section */

/* Begin PBXSourcesBuildPhase section */
		06E16C642856BE3800A79C41 /* Sources */ = {
			isa = PBXSourcesBuildPhase;
			buildActionMask = 2147483647;
			files = (
				06D79DE828B326A600AAC24D /* SceneDelegate.m in Sources */,
				06D79DE528B3262500AAC24D /* main.m in Sources */,
				06E16C732856BE3800A79C41 /* ViewController.m in Sources */,
				06E16C6D2856BE3800A79C41 /* AppDelegate.m in Sources */,
			);
			runOnlyForDeploymentPostprocessing = 0;
		};
/* End PBXSourcesBuildPhase section */

/* Begin PBXVariantGroup section */
		06E16C742856BE3800A79C41 /* Main.storyboard */ = {
			isa = PBXVariantGroup;
			children = (
				06E16C752856BE3800A79C41 /* Base */,
			);
			name = Main.storyboard;
			sourceTree = "<group>";
		};
		06E16C792856BE3900A79C41 /* LaunchScreen.storyboard */ = {
			isa = PBXVariantGroup;
			children = (
				06E16C7A2856BE3900A79C41 /* Base */,
			);
			name = LaunchScreen.storyboard;
			sourceTree = "<group>";
		};
/* End PBXVariantGroup section */

/* Begin XCBuildConfiguration section */
		06E16C7F2856BE3900A79C41 /* Debug */ = {
			isa = XCBuildConfiguration;
			buildSettings = {
				ALWAYS_SEARCH_USER_PATHS = NO;
				CLANG_ANALYZER_NONNULL = YES;
				CLANG_ANALYZER_NUMBER_OBJECT_CONVERSION = YES_AGGRESSIVE;
				CLANG_CXX_LANGUAGE_STANDARD = "gnu++17";
				CLANG_CXX_LIBRARY = "libc++";
				CLANG_ENABLE_MODULES = YES;
				CLANG_ENABLE_OBJC_ARC = YES;
				CLANG_ENABLE_OBJC_WEAK = YES;
				CLANG_WARN_BLOCK_CAPTURE_AUTORELEASING = YES;
				CLANG_WARN_BOOL_CONVERSION = YES;
				CLANG_WARN_COMMA = YES;
				CLANG_WARN_CONSTANT_CONVERSION = YES;
				CLANG_WARN_DEPRECATED_OBJC_IMPLEMENTATIONS = YES;
				CLANG_WARN_DIRECT_OBJC_ISA_USAGE = YES_ERROR;
				CLANG_WARN_DOCUMENTATION_COMMENTS = YES;
				CLANG_WARN_EMPTY_BODY = YES;
				CLANG_WARN_ENUM_CONVERSION = YES;
				CLANG_WARN_INFINITE_RECURSION = YES;
				CLANG_WARN_INT_CONVERSION = YES;
				CLANG_WARN_NON_LITERAL_NULL_CONVERSION = YES;
				CLANG_WARN_OBJC_IMPLICIT_RETAIN_SELF = YES;
				CLANG_WARN_OBJC_LITERAL_CONVERSION = YES;
				CLANG_WARN_OBJC_ROOT_CLASS = YES_ERROR;
				CLANG_WARN_QUOTED_INCLUDE_IN_FRAMEWORK_HEADER = YES;
				CLANG_WARN_RANGE_LOOP_ANALYSIS = YES;
				CLANG_WARN_STRICT_PROTOTYPES = YES;
				CLANG_WARN_SUSPICIOUS_MOVE = YES;
				CLANG_WARN_UNGUARDED_AVAILABILITY = YES_AGGRESSIVE;
				CLANG_WARN_UNREACHABLE_CODE = YES;
				CLANG_WARN__DUPLICATE_METHOD_MATCH = YES;
				COPY_PHASE_STRIP = NO;
				DEBUG_INFORMATION_FORMAT = dwarf;
				ENABLE_STRICT_OBJC_MSGSEND = YES;
				ENABLE_TESTABILITY = YES;
				GCC_C_LANGUAGE_STANDARD = gnu11;
				GCC_DYNAMIC_NO_PIC = NO;
				GCC_NO_COMMON_BLOCKS = YES;
				GCC_OPTIMIZATION_LEVEL = 0;
				GCC_PREPROCESSOR_DEFINITIONS = (
					"DEBUG=1",
					"$(inherited)",
				);
				GCC_WARN_64_TO_32_BIT_CONVERSION = YES;
				GCC_WARN_ABOUT_RETURN_TYPE = YES_ERROR;
				GCC_WARN_UNDECLARED_SELECTOR = YES;
				GCC_WARN_UNINITIALIZED_AUTOS = YES_AGGRESSIVE;
				GCC_WARN_UNUSED_FUNCTION = YES;
				GCC_WARN_UNUSED_VARIABLE = YES;
				IPHONEOS_DEPLOYMENT_TARGET = 15.2;
				MTL_ENABLE_DEBUG_INFO = INCLUDE_SOURCE;
				MTL_FAST_MATH = YES;
				ONLY_ACTIVE_ARCH = YES;
				SDKROOT = iphoneos;
			};
			name = Debug;
		};
		06E16C802856BE3900A79C41 /* Release */ = {
			isa = XCBuildConfiguration;
			buildSettings = {
				ALWAYS_SEARCH_USER_PATHS = NO;
				CLANG_ANALYZER_NONNULL = YES;
				CLANG_ANALYZER_NUMBER_OBJECT_CONVERSION = YES_AGGRESSIVE;
				CLANG_CXX_LANGUAGE_STANDARD = "gnu++17";
				CLANG_CXX_LIBRARY = "libc++";
				CLANG_ENABLE_MODULES = YES;
				CLANG_ENABLE_OBJC_ARC = YES;
				CLANG_ENABLE_OBJC_WEAK = YES;
				CLANG_WARN_BLOCK_CAPTURE_AUTORELEASING = YES;
				CLANG_WARN_BOOL_CONVERSION = YES;
				CLANG_WARN_COMMA = YES;
				CLANG_WARN_CONSTANT_CONVERSION = YES;
				CLANG_WARN_DEPRECATED_OBJC_IMPLEMENTATIONS = YES;
				CLANG_WARN_DIRECT_OBJC_ISA_USAGE = YES_ERROR;
				CLANG_WARN_DOCUMENTATION_COMMENTS = YES;
				CLANG_WARN_EMPTY_BODY = YES;
				CLANG_WARN_ENUM_CONVERSION = YES;
				CLANG_WARN_INFINITE_RECURSION = YES;
				CLANG_WARN_INT_CONVERSION = YES;
				CLANG_WARN_NON_LITERAL_NULL_CONVERSION = YES;
				CLANG_WARN_OBJC_IMPLICIT_RETAIN_SELF = YES;
				CLANG_WARN_OBJC_LITERAL_CONVERSION = YES;
				CLANG_WARN_OBJC_ROOT_CLASS = YES_ERROR;
				CLANG_WARN_QUOTED_INCLUDE_IN_FRAMEWORK_HEADER = YES;
				CLANG_WARN_RANGE_LOOP_ANALYSIS = YES;
				CLANG_WARN_STRICT_PROTOTYPES = YES;
				CLANG_WARN_SUSPICIOUS_MOVE = YES;
				CLANG_WARN_UNGUARDED_AVAILABILITY = YES_AGGRESSIVE;
				CLANG_WARN_UNREACHABLE_CODE = YES;
				CLANG_WARN__DUPLICATE_METHOD_MATCH = YES;
				COPY_PHASE_STRIP = NO;
				DEBUG_INFORMATION_FORMAT = "dwarf-with-dsym";
				ENABLE_NS_ASSERTIONS = NO;
				ENABLE_STRICT_OBJC_MSGSEND = YES;
				GCC_C_LANGUAGE_STANDARD = gnu11;
				GCC_NO_COMMON_BLOCKS = YES;
				GCC_WARN_64_TO_32_BIT_CONVERSION = YES;
				GCC_WARN_ABOUT_RETURN_TYPE = YES_ERROR;
				GCC_WARN_UNDECLARED_SELECTOR = YES;
				GCC_WARN_UNINITIALIZED_AUTOS = YES_AGGRESSIVE;
				GCC_WARN_UNUSED_FUNCTION = YES;
				GCC_WARN_UNUSED_VARIABLE = YES;
				IPHONEOS_DEPLOYMENT_TARGET = 15.2;
				MTL_ENABLE_DEBUG_INFO = NO;
				MTL_FAST_MATH = YES;
				SDKROOT = iphoneos;
				VALIDATE_PRODUCT = YES;
			};
			name = Release;
		};
		06E16C822856BE3900A79C41 /* Debug */ = {
			isa = XCBuildConfiguration;
			buildSettings = {
				ASSETCATALOG_COMPILER_APPICON_NAME = AppIcon;
				ASSETCATALOG_COMPILER_GLOBAL_ACCENT_COLOR_NAME = AccentColor;
				CODE_SIGN_STYLE = Automatic;
				CURRENT_PROJECT_VERSION = 1;
				DEVELOPMENT_TEAM = 56H687J9FX;
				GENERATE_INFOPLIST_FILE = YES;
				INFOPLIST_FILE = "Runloop源码/Info.plist";
				INFOPLIST_KEY_UIApplicationSupportsIndirectInputEvents = YES;
				INFOPLIST_KEY_UILaunchStoryboardName = LaunchScreen;
				INFOPLIST_KEY_UIMainStoryboardFile = Main;
				INFOPLIST_KEY_UISupportedInterfaceOrientations_iPad = "UIInterfaceOrientationPortrait UIInterfaceOrientationPortraitUpsideDown UIInterfaceOrientationLandscapeLeft UIInterfaceOrientationLandscapeRight";
				INFOPLIST_KEY_UISupportedInterfaceOrientations_iPhone = "UIInterfaceOrientationPortrait UIInterfaceOrientationLandscapeLeft UIInterfaceOrientationLandscapeRight";
				IPHONEOS_DEPLOYMENT_TARGET = 11.0;
				LD_RUNPATH_SEARCH_PATHS = (
					"$(inherited)",
					"@executable_path/Frameworks",
				);
				MARKETING_VERSION = 1.0;
				PRODUCT_BUNDLE_IDENTIFIER = "com.dahuatech.Runloop--";
				PRODUCT_NAME = "$(TARGET_NAME)";
				SWIFT_EMIT_LOC_STRINGS = YES;
				TARGETED_DEVICE_FAMILY = "1,2";
			};
			name = Debug;
		};
		06E16C832856BE3900A79C41 /* Release */ = {
			isa = XCBuildConfiguration;
			buildSettings = {
				ASSETCATALOG_COMPILER_APPICON_NAME = AppIcon;
				ASSETCATALOG_COMPILER_GLOBAL_ACCENT_COLOR_NAME = AccentColor;
				CODE_SIGN_STYLE = Automatic;
				CURRENT_PROJECT_VERSION = 1;
				DEVELOPMENT_TEAM = 56H687J9FX;
				GENERATE_INFOPLIST_FILE = YES;
				INFOPLIST_FILE = "Runloop源码/Info.plist";
				INFOPLIST_KEY_UIApplicationSupportsIndirectInputEvents = YES;
				INFOPLIST_KEY_UILaunchStoryboardName = LaunchScreen;
				INFOPLIST_KEY_UIMainStoryboardFile = Main;
				INFOPLIST_KEY_UISupportedInterfaceOrientations_iPad = "UIInterfaceOrientationPortrait UIInterfaceOrientationPortraitUpsideDown UIInterfaceOrientationLandscapeLeft UIInterfaceOrientationLandscapeRight";
				INFOPLIST_KEY_UISupportedInterfaceOrientations_iPhone = "UIInterfaceOrientationPortrait UIInterfaceOrientationLandscapeLeft UIInterfaceOrientationLandscapeRight";
				IPHONEOS_DEPLOYMENT_TARGET = 11.0;
				LD_RUNPATH_SEARCH_PATHS = (
					"$(inherited)",
					"@executable_path/Frameworks",
				);
				MARKETING_VERSION = 1.0;
				PRODUCT_BUNDLE_IDENTIFIER = "com.dahuatech.Runloop--";
				PRODUCT_NAME = "$(TARGET_NAME)";
				SWIFT_EMIT_LOC_STRINGS = YES;
				TARGETED_DEVICE_FAMILY = "1,2";
			};
			name = Release;
		};
/* End XCBuildConfiguration section */

/* Begin XCConfigurationList section */
		06E16C632856BE3800A79C41 /* Build configuration list for PBXProject "Runloop源码" */ = {
			isa = XCConfigurationList;
			buildConfigurations = (
				06E16C7F2856BE3900A79C41 /* Debug */,
				06E16C802856BE3900A79C41 /* Release */,
			);
			defaultConfigurationIsVisible = 0;
			defaultConfigurationName = Release;
		};
		06E16C812856BE3900A79C41 /* Build configuration list for PBXNativeTarget "Runloop源码" */ = {
			isa = XCConfigurationList;
			buildConfigurations = (
				06E16C822856BE3900A79C41 /* Debug */,
				06E16C832856BE3900A79C41 /* Release */,
			);
			defaultConfigurationIsVisible = 0;
			defaultConfigurationName = Release;
		};
/* End XCConfigurationList section */
	};
	rootObject = 06E16C602856BE3800A79C41 /* Project object */;
}
