// !$*UTF8*$!
{
	archiveVersion = 1;
	classes = {
	};
	objectVersion = 50;
	objects = {

/* Begin PBXBuildFile section */
		2D03900E20E3C18200EC5E8F /* main.m in Sources */ = {isa = PBXBuildFile; fileRef = 2D03900D20E3C18200EC5E8F /* main.m */; };
		2D03901620E3C1A100EC5E8F /* MJPerson.m in Sources */ = {isa = PBXBuildFile; fileRef = 2D03901520E3C1A100EC5E8F /* MJPerson.m */; };
		2D03901920E3C44000EC5E8F /* MJDog.m in Sources */ = {isa = PBXBuildFile; fileRef = 2D03901820E3C44000EC5E8F /* MJDog.m */; };
		2D03901C20E3CC2700EC5E8F /* MJCar.m in Sources */ = {isa = PBXBuildFile; fileRef = 2D03901B20E3CC2700EC5E8F /* MJCar.m */; };
/* End PBXBuildFile section */

/* Begin PBXCopyFilesBuildPhase section */
		2D03900820E3C18200EC5E8F /* CopyFiles */ = {
			isa = PBXCopyFilesBuildPhase;
			buildActionMask = 2147483647;
			dstPath = /usr/share/man/man1/;
			dstSubfolderSpec = 0;
			files = (
			);
			runOnlyForDeploymentPostprocessing = 1;
		};
/* End PBXCopyFilesBuildPhase section */

/* Begin PBXFileReference section */
		2D03900A20E3C18200EC5E8F /* Interview01-内存管理 */ = {isa = PBXFileReference; explicitFileType = "compiled.mach-o.executable"; includeInIndex = 0; path = "Interview01-内存管理"; sourceTree = BUILT_PRODUCTS_DIR; };
		2D03900D20E3C18200EC5E8F /* main.m */ = {isa = PBXFileReference; lastKnownFileType = sourcecode.c.objc; path = main.m; sourceTree = "<group>"; };
		2D03901420E3C1A100EC5E8F /* MJPerson.h */ = {isa = PBXFileReference; lastKnownFileType = sourcecode.c.h; path = MJPerson.h; sourceTree = "<group>"; };
		2D03901520E3C1A100EC5E8F /* MJPerson.m */ = {isa = PBXFileReference; lastKnownFileType = sourcecode.c.objc; path = MJPerson.m; sourceTree = "<group>"; };
		2D03901720E3C44000EC5E8F /* MJDog.h */ = {isa = PBXFileReference; lastKnownFileType = sourcecode.c.h; path = MJDog.h; sourceTree = "<group>"; };
		2D03901820E3C44000EC5E8F /* MJDog.m */ = {isa = PBXFileReference; lastKnownFileType = sourcecode.c.objc; path = MJDog.m; sourceTree = "<group>"; };
		2D03901A20E3CC2700EC5E8F /* MJCar.h */ = {isa = PBXFileReference; lastKnownFileType = sourcecode.c.h; path = MJCar.h; sourceTree = "<group>"; };
		2D03901B20E3CC2700EC5E8F /* MJCar.m */ = {isa = PBXFileReference; lastKnownFileType = sourcecode.c.objc; path = MJCar.m; sourceTree = "<group>"; };
/* End PBXFileReference section */

/* Begin PBXFrameworksBuildPhase section */
		2D03900720E3C18200EC5E8F /* Frameworks */ = {
			isa = PBXFrameworksBuildPhase;
			buildActionMask = 2147483647;
			files = (
			);
			runOnlyForDeploymentPostprocessing = 0;
		};
/* End PBXFrameworksBuildPhase section */

/* Begin PBXGroup section */
		2D03900120E3C18200EC5E8F = {
			isa = PBXGroup;
			children = (
				2D03900C20E3C18200EC5E8F /* Interview01-内存管理 */,
				2D03900B20E3C18200EC5E8F /* Products */,
			);
			sourceTree = "<group>";
		};
		2D03900B20E3C18200EC5E8F /* Products */ = {
			isa = PBXGroup;
			children = (
				2D03900A20E3C18200EC5E8F /* Interview01-内存管理 */,
			);
			name = Products;
			sourceTree = "<group>";
		};
		2D03900C20E3C18200EC5E8F /* Interview01-内存管理 */ = {
			isa = PBXGroup;
			children = (
				2D03900D20E3C18200EC5E8F /* main.m */,
				2D03901420E3C1A100EC5E8F /* MJPerson.h */,
				2D03901520E3C1A100EC5E8F /* MJPerson.m */,
				2D03901720E3C44000EC5E8F /* MJDog.h */,
				2D03901820E3C44000EC5E8F /* MJDog.m */,
				2D03901A20E3CC2700EC5E8F /* MJCar.h */,
				2D03901B20E3CC2700EC5E8F /* MJCar.m */,
			);
			path = "Interview01-内存管理";
			sourceTree = "<group>";
		};
/* End PBXGroup section */

/* Begin PBXNativeTarget section */
		2D03900920E3C18200EC5E8F /* Interview01-内存管理 */ = {
			isa = PBXNativeTarget;
			buildConfigurationList = 2D03901120E3C18200EC5E8F /* Build configuration list for PBXNativeTarget "Interview01-内存管理" */;
			buildPhases = (
				2D03900620E3C18200EC5E8F /* Sources */,
				2D03900720E3C18200EC5E8F /* Frameworks */,
				2D03900820E3C18200EC5E8F /* CopyFiles */,
			);
			buildRules = (
			);
			dependencies = (
			);
			name = "Interview01-内存管理";
			productName = "Interview01-内存管理";
			productReference = 2D03900A20E3C18200EC5E8F /* Interview01-内存管理 */;
			productType = "com.apple.product-type.tool";
		};
/* End PBXNativeTarget section */

/* Begin PBXProject section */
		2D03900220E3C18200EC5E8F /* Project object */ = {
			isa = PBXProject;
			attributes = {
				LastUpgradeCheck = 0930;
				ORGANIZATIONNAME = "MJ Lee";
				TargetAttributes = {
					2D03900920E3C18200EC5E8F = {
						CreatedOnToolsVersion = 9.3.1;
					};
				};
			};
			buildConfigurationList = 2D03900520E3C18200EC5E8F /* Build configuration list for PBXProject "Interview01-内存管理" */;
			compatibilityVersion = "Xcode 9.3";
			developmentRegion = en;
			hasScannedForEncodings = 0;
			knownRegions = (
				en,
			);
			mainGroup = 2D03900120E3C18200EC5E8F;
			productRefGroup = 2D03900B20E3C18200EC5E8F /* Products */;
			projectDirPath = "";
			projectRoot = "";
			targets = (
				2D03900920E3C18200EC5E8F /* Interview01-内存管理 */,
			);
		};
/* End PBXProject section */

/* Begin PBXSourcesBuildPhase section */
		2D03900620E3C18200EC5E8F /* Sources */ = {
			isa = PBXSourcesBuildPhase;
			buildActionMask = 2147483647;
			files = (
				2D03901920E3C44000EC5E8F /* MJDog.m in Sources */,
				2D03900E20E3C18200EC5E8F /* main.m in Sources */,
				2D03901620E3C1A100EC5E8F /* MJPerson.m in Sources */,
				2D03901C20E3CC2700EC5E8F /* MJCar.m in Sources */,
			);
			runOnlyForDeploymentPostprocessing = 0;
		};
/* End PBXSourcesBuildPhase section */

/* Begin XCBuildConfiguration section */
		2D03900F20E3C18200EC5E8F /* Debug */ = {
			isa = XCBuildConfiguration;
			buildSettings = {
				ALWAYS_SEARCH_USER_PATHS = NO;
				CLANG_ANALYZER_NONNULL = YES;
				CLANG_ANALYZER_NUMBER_OBJECT_CONVERSION = YES_AGGRESSIVE;
				CLANG_CXX_LANGUAGE_STANDARD = "gnu++14";
				CLANG_CXX_LIBRARY = "libc++";
				CLANG_ENABLE_MODULES = YES;
				CLANG_ENABLE_OBJC_ARC = YES;
				CLANG_ENABLE_OBJC_WEAK = YES;
				CLANG_WARN_BLOCK_CAPTURE_AUTORELEASING = YES;
				CLANG_WARN_BOOL_CONVERSION = YES;
				CLANG_WARN_COMMA = YES;
				CLANG_WARN_CONSTANT_CONVERSION = YES;
				CLANG_WARN_DEPRECATED_OBJC_IMPLEMENTATIONS = YES;
				CLANG_WARN_DIRECT_OBJC_ISA_USAGE = YES_ERROR;
				CLANG_WARN_DOCUMENTATION_COMMENTS = YES;
				CLANG_WARN_EMPTY_BODY = YES;
				CLANG_WARN_ENUM_CONVERSION = YES;
				CLANG_WARN_INFINITE_RECURSION = YES;
				CLANG_WARN_INT_CONVERSION = YES;
				CLANG_WARN_NON_LITERAL_NULL_CONVERSION = YES;
				CLANG_WARN_OBJC_IMPLICIT_RETAIN_SELF = YES;
				CLANG_WARN_OBJC_LITERAL_CONVERSION = YES;
				CLANG_WARN_OBJC_ROOT_CLASS = YES_ERROR;
				CLANG_WARN_RANGE_LOOP_ANALYSIS = YES;
				CLANG_WARN_STRICT_PROTOTYPES = YES;
				CLANG_WARN_SUSPICIOUS_MOVE = YES;
				CLANG_WARN_UNGUARDED_AVAILABILITY = YES_AGGRESSIVE;
				CLANG_WARN_UNREACHABLE_CODE = YES;
				CLANG_WARN__DUPLICATE_METHOD_MATCH = YES;
				CODE_SIGN_IDENTITY = "-";
				COPY_PHASE_STRIP = NO;
				DEBUG_INFORMATION_FORMAT = dwarf;
				ENABLE_STRICT_OBJC_MSGSEND = YES;
				ENABLE_TESTABILITY = YES;
				GCC_C_LANGUAGE_STANDARD = gnu11;
				GCC_DYNAMIC_NO_PIC = NO;
				GCC_NO_COMMON_BLOCKS = YES;
				GCC_OPTIMIZATION_LEVEL = 0;
				GCC_PREPROCESSOR_DEFINITIONS = (
					"DEBUG=1",
					"$(inherited)",
				);
				GCC_WARN_64_TO_32_BIT_CONVERSION = YES;
				GCC_WARN_ABOUT_RETURN_TYPE = YES_ERROR;
				GCC_WARN_UNDECLARED_SELECTOR = YES;
				GCC_WARN_UNINITIALIZED_AUTOS = YES_AGGRESSIVE;
				GCC_WARN_UNUSED_FUNCTION = YES;
				GCC_WARN_UNUSED_VARIABLE = YES;
				MACOSX_DEPLOYMENT_TARGET = 10.13;
				MTL_ENABLE_DEBUG_INFO = YES;
				ONLY_ACTIVE_ARCH = YES;
				SDKROOT = macosx;
			};
			name = Debug;
		};
		2D03901020E3C18200EC5E8F /* Release */ = {
			isa = XCBuildConfiguration;
			buildSettings = {
				ALWAYS_SEARCH_USER_PATHS = NO;
				CLANG_ANALYZER_NONNULL = YES;
				CLANG_ANALYZER_NUMBER_OBJECT_CONVERSION = YES_AGGRESSIVE;
				CLANG_CXX_LANGUAGE_STANDARD = "gnu++14";
				CLANG_CXX_LIBRARY = "libc++";
				CLANG_ENABLE_MODULES = YES;
				CLANG_ENABLE_OBJC_ARC = YES;
				CLANG_ENABLE_OBJC_WEAK = YES;
				CLANG_WARN_BLOCK_CAPTURE_AUTORELEASING = YES;
				CLANG_WARN_BOOL_CONVERSION = YES;
				CLANG_WARN_COMMA = YES;
				CLANG_WARN_CONSTANT_CONVERSION = YES;
				CLANG_WARN_DEPRECATED_OBJC_IMPLEMENTATIONS = YES;
				CLANG_WARN_DIRECT_OBJC_ISA_USAGE = YES_ERROR;
				CLANG_WARN_DOCUMENTATION_COMMENTS = YES;
				CLANG_WARN_EMPTY_BODY = YES;
				CLANG_WARN_ENUM_CONVERSION = YES;
				CLANG_WARN_INFINITE_RECURSION = YES;
				CLANG_WARN_INT_CONVERSION = YES;
				CLANG_WARN_NON_LITERAL_NULL_CONVERSION = YES;
				CLANG_WARN_OBJC_IMPLICIT_RETAIN_SELF = YES;
				CLANG_WARN_OBJC_LITERAL_CONVERSION = YES;
				CLANG_WARN_OBJC_ROOT_CLASS = YES_ERROR;
				CLANG_WARN_RANGE_LOOP_ANALYSIS = YES;
				CLANG_WARN_STRICT_PROTOTYPES = YES;
				CLANG_WARN_SUSPICIOUS_MOVE = YES;
				CLANG_WARN_UNGUARDED_AVAILABILITY = YES_AGGRESSIVE;
				CLANG_WARN_UNREACHABLE_CODE = YES;
				CLANG_WARN__DUPLICATE_METHOD_MATCH = YES;
				CODE_SIGN_IDENTITY = "-";
				COPY_PHASE_STRIP = NO;
				DEBUG_INFORMATION_FORMAT = "dwarf-with-dsym";
				ENABLE_NS_ASSERTIONS = NO;
				ENABLE_STRICT_OBJC_MSGSEND = YES;
				GCC_C_LANGUAGE_STANDARD = gnu11;
				GCC_NO_COMMON_BLOCKS = YES;
				GCC_WARN_64_TO_32_BIT_CONVERSION = YES;
				GCC_WARN_ABOUT_RETURN_TYPE = YES_ERROR;
				GCC_WARN_UNDECLARED_SELECTOR = YES;
				GCC_WARN_UNINITIALIZED_AUTOS = YES_AGGRESSIVE;
				GCC_WARN_UNUSED_FUNCTION = YES;
				GCC_WARN_UNUSED_VARIABLE = YES;
				MACOSX_DEPLOYMENT_TARGET = 10.13;
				MTL_ENABLE_DEBUG_INFO = NO;
				SDKROOT = macosx;
			};
			name = Release;
		};
		2D03901220E3C18200EC5E8F /* Debug */ = {
			isa = XCBuildConfiguration;
			buildSettings = {
				CLANG_ENABLE_OBJC_ARC = NO;
				CODE_SIGN_STYLE = Automatic;
				PRODUCT_NAME = "$(TARGET_NAME)";
			};
			name = Debug;
		};
		2D03901320E3C18200EC5E8F /* Release */ = {
			isa = XCBuildConfiguration;
			buildSettings = {
				CLANG_ENABLE_OBJC_ARC = NO;
				CODE_SIGN_STYLE = Automatic;
				PRODUCT_NAME = "$(TARGET_NAME)";
			};
			name = Release;
		};
/* End XCBuildConfiguration section */

/* Begin XCConfigurationList section */
		2D03900520E3C18200EC5E8F /* Build configuration list for PBXProject "Interview01-内存管理" */ = {
			isa = XCConfigurationList;
			buildConfigurations = (
				2D03900F20E3C18200EC5E8F /* Debug */,
				2D03901020E3C18200EC5E8F /* Release */,
			);
			defaultConfigurationIsVisible = 0;
			defaultConfigurationName = Release;
		};
		2D03901120E3C18200EC5E8F /* Build configuration list for PBXNativeTarget "Interview01-内存管理" */ = {
			isa = XCConfigurationList;
			buildConfigurations = (
				2D03901220E3C18200EC5E8F /* Debug */,
				2D03901320E3C18200EC5E8F /* Release */,
			);
			defaultConfigurationIsVisible = 0;
			defaultConfigurationName = Release;
		};
/* End XCConfigurationList section */
	};
	rootObject = 2D03900220E3C18200EC5E8F /* Project object */;
}
