// !$*UTF8*$!
{
	archiveVersion = 1;
	classes = {
	};
	objectVersion = 56;
	objects = {

/* Begin PBXBuildFile section */
		064D47C92A89B8D3008BFB9C /* MGJRouter.m in Sources */ = {isa = PBXBuildFile; fileRef = 064D47C52A89B8D3008BFB9C /* MGJRouter.m */; };
		064D47CA2A89B8D3008BFB9C /* DemoDetailViewController.m in Sources */ = {isa = PBXBuildFile; fileRef = 064D47C72A89B8D3008BFB9C /* DemoDetailViewController.m */; };
		064D47CB2A89B8D3008BFB9C /* DemoListViewController.m in Sources */ = {isa = PBXBuildFile; fileRef = 064D47C82A89B8D3008BFB9C /* DemoListViewController.m */; };
		06BE7BEF2A89B86600533AC2 /* AppDelegate.m in Sources */ = {isa = PBXBuildFile; fileRef = 06BE7BEE2A89B86600533AC2 /* AppDelegate.m */; };
		06BE7BF82A89B86600533AC2 /* Main.storyboard in Resources */ = {isa = PBXBuildFile; fileRef = 06BE7BF62A89B86600533AC2 /* Main.storyboard */; };
		06BE7BFA2A89B86700533AC2 /* Assets.xcassets in Resources */ = {isa = PBXBuildFile; fileRef = 06BE7BF92A89B86700533AC2 /* Assets.xcassets */; };
		06BE7BFD2A89B86700533AC2 /* LaunchScreen.storyboard in Resources */ = {isa = PBXBuildFile; fileRef = 06BE7BFB2A89B86700533AC2 /* LaunchScreen.storyboard */; };
		06BE7C002A89B86700533AC2 /* main.m in Sources */ = {isa = PBXBuildFile; fileRef = 06BE7BFF2A89B86700533AC2 /* main.m */; };
/* End PBXBuildFile section */

/* Begin PBXFileReference section */
		064D47C22A89B8D3008BFB9C /* DemoDetailViewController.h */ = {isa = PBXFileReference; fileEncoding = 4; lastKnownFileType = sourcecode.c.h; path = DemoDetailViewController.h; sourceTree = "<group>"; };
		064D47C42A89B8D3008BFB9C /* MGJRouter.h */ = {isa = PBXFileReference; fileEncoding = 4; lastKnownFileType = sourcecode.c.h; path = MGJRouter.h; sourceTree = "<group>"; };
		064D47C52A89B8D3008BFB9C /* MGJRouter.m */ = {isa = PBXFileReference; fileEncoding = 4; lastKnownFileType = sourcecode.c.objc; path = MGJRouter.m; sourceTree = "<group>"; };
		064D47C62A89B8D3008BFB9C /* DemoListViewController.h */ = {isa = PBXFileReference; fileEncoding = 4; lastKnownFileType = sourcecode.c.h; path = DemoListViewController.h; sourceTree = "<group>"; };
		064D47C72A89B8D3008BFB9C /* DemoDetailViewController.m */ = {isa = PBXFileReference; fileEncoding = 4; lastKnownFileType = sourcecode.c.objc; path = DemoDetailViewController.m; sourceTree = "<group>"; };
		064D47C82A89B8D3008BFB9C /* DemoListViewController.m */ = {isa = PBXFileReference; fileEncoding = 4; lastKnownFileType = sourcecode.c.objc; path = DemoListViewController.m; sourceTree = "<group>"; };
		06BE7BEA2A89B86600533AC2 /* MGJRouter-Demo.app */ = {isa = PBXFileReference; explicitFileType = wrapper.application; includeInIndex = 0; path = "MGJRouter-Demo.app"; sourceTree = BUILT_PRODUCTS_DIR; };
		06BE7BED2A89B86600533AC2 /* AppDelegate.h */ = {isa = PBXFileReference; lastKnownFileType = sourcecode.c.h; path = AppDelegate.h; sourceTree = "<group>"; };
		06BE7BEE2A89B86600533AC2 /* AppDelegate.m */ = {isa = PBXFileReference; lastKnownFileType = sourcecode.c.objc; path = AppDelegate.m; sourceTree = "<group>"; };
		06BE7BF72A89B86600533AC2 /* Base */ = {isa = PBXFileReference; lastKnownFileType = file.storyboard; name = Base; path = Base.lproj/Main.storyboard; sourceTree = "<group>"; };
		06BE7BF92A89B86700533AC2 /* Assets.xcassets */ = {isa = PBXFileReference; lastKnownFileType = folder.assetcatalog; path = Assets.xcassets; sourceTree = "<group>"; };
		06BE7BFC2A89B86700533AC2 /* Base */ = {isa = PBXFileReference; lastKnownFileType = file.storyboard; name = Base; path = Base.lproj/LaunchScreen.storyboard; sourceTree = "<group>"; };
		06BE7BFE2A89B86700533AC2 /* Info.plist */ = {isa = PBXFileReference; lastKnownFileType = text.plist.xml; path = Info.plist; sourceTree = "<group>"; };
		06BE7BFF2A89B86700533AC2 /* main.m */ = {isa = PBXFileReference; lastKnownFileType = sourcecode.c.objc; path = main.m; sourceTree = "<group>"; };
/* End PBXFileReference section */

/* Begin PBXFrameworksBuildPhase section */
		06BE7BE72A89B86600533AC2 /* Frameworks */ = {
			isa = PBXFrameworksBuildPhase;
			buildActionMask = 2147483647;
			files = (
			);
			runOnlyForDeploymentPostprocessing = 0;
		};
/* End PBXFrameworksBuildPhase section */

/* Begin PBXGroup section */
		064D47C32A89B8D3008BFB9C /* MGJRouter */ = {
			isa = PBXGroup;
			children = (
				064D47C42A89B8D3008BFB9C /* MGJRouter.h */,
				064D47C52A89B8D3008BFB9C /* MGJRouter.m */,
			);
			path = MGJRouter;
			sourceTree = "<group>";
		};
		06BE7BE12A89B86600533AC2 = {
			isa = PBXGroup;
			children = (
				06BE7BEC2A89B86600533AC2 /* MGJRouter-Demo */,
				06BE7BEB2A89B86600533AC2 /* Products */,
			);
			sourceTree = "<group>";
		};
		06BE7BEB2A89B86600533AC2 /* Products */ = {
			isa = PBXGroup;
			children = (
				06BE7BEA2A89B86600533AC2 /* MGJRouter-Demo.app */,
			);
			name = Products;
			sourceTree = "<group>";
		};
		06BE7BEC2A89B86600533AC2 /* MGJRouter-Demo */ = {
			isa = PBXGroup;
			children = (
				064D47C22A89B8D3008BFB9C /* DemoDetailViewController.h */,
				064D47C72A89B8D3008BFB9C /* DemoDetailViewController.m */,
				064D47C62A89B8D3008BFB9C /* DemoListViewController.h */,
				064D47C82A89B8D3008BFB9C /* DemoListViewController.m */,
				064D47C32A89B8D3008BFB9C /* MGJRouter */,
				06BE7BED2A89B86600533AC2 /* AppDelegate.h */,
				06BE7BEE2A89B86600533AC2 /* AppDelegate.m */,
				06BE7BF62A89B86600533AC2 /* Main.storyboard */,
				06BE7BF92A89B86700533AC2 /* Assets.xcassets */,
				06BE7BFB2A89B86700533AC2 /* LaunchScreen.storyboard */,
				06BE7BFE2A89B86700533AC2 /* Info.plist */,
				06BE7BFF2A89B86700533AC2 /* main.m */,
			);
			path = "MGJRouter-Demo";
			sourceTree = "<group>";
		};
/* End PBXGroup section */

/* Begin PBXNativeTarget section */
		06BE7BE92A89B86600533AC2 /* MGJRouter-Demo */ = {
			isa = PBXNativeTarget;
			buildConfigurationList = 06BE7C032A89B86700533AC2 /* Build configuration list for PBXNativeTarget "MGJRouter-Demo" */;
			buildPhases = (
				06BE7BE62A89B86600533AC2 /* Sources */,
				06BE7BE72A89B86600533AC2 /* Frameworks */,
				06BE7BE82A89B86600533AC2 /* Resources */,
			);
			buildRules = (
			);
			dependencies = (
			);
			name = "MGJRouter-Demo";
			productName = "MGJRouter-Demo";
			productReference = 06BE7BEA2A89B86600533AC2 /* MGJRouter-Demo.app */;
			productType = "com.apple.product-type.application";
		};
/* End PBXNativeTarget section */

/* Begin PBXProject section */
		06BE7BE22A89B86600533AC2 /* Project object */ = {
			isa = PBXProject;
			attributes = {
				BuildIndependentTargetsInParallel = 1;
				LastUpgradeCheck = 1430;
				TargetAttributes = {
					06BE7BE92A89B86600533AC2 = {
						CreatedOnToolsVersion = 14.3.1;
					};
				};
			};
			buildConfigurationList = 06BE7BE52A89B86600533AC2 /* Build configuration list for PBXProject "MGJRouter-Demo" */;
			compatibilityVersion = "Xcode 14.0";
			developmentRegion = en;
			hasScannedForEncodings = 0;
			knownRegions = (
				en,
				Base,
			);
			mainGroup = 06BE7BE12A89B86600533AC2;
			productRefGroup = 06BE7BEB2A89B86600533AC2 /* Products */;
			projectDirPath = "";
			projectRoot = "";
			targets = (
				06BE7BE92A89B86600533AC2 /* MGJRouter-Demo */,
			);
		};
/* End PBXProject section */

/* Begin PBXResourcesBuildPhase section */
		06BE7BE82A89B86600533AC2 /* Resources */ = {
			isa = PBXResourcesBuildPhase;
			buildActionMask = 2147483647;
			files = (
				06BE7BFD2A89B86700533AC2 /* LaunchScreen.storyboard in Resources */,
				06BE7BFA2A89B86700533AC2 /* Assets.xcassets in Resources */,
				06BE7BF82A89B86600533AC2 /* Main.storyboard in Resources */,
			);
			runOnlyForDeploymentPostprocessing = 0;
		};
/* End PBXResourcesBuildPhase section */

/* Begin PBXSourcesBuildPhase section */
		06BE7BE62A89B86600533AC2 /* Sources */ = {
			isa = PBXSourcesBuildPhase;
			buildActionMask = 2147483647;
			files = (
				064D47CB2A89B8D3008BFB9C /* DemoListViewController.m in Sources */,
				064D47CA2A89B8D3008BFB9C /* DemoDetailViewController.m in Sources */,
				064D47C92A89B8D3008BFB9C /* MGJRouter.m in Sources */,
				06BE7BEF2A89B86600533AC2 /* AppDelegate.m in Sources */,
				06BE7C002A89B86700533AC2 /* main.m in Sources */,
			);
			runOnlyForDeploymentPostprocessing = 0;
		};
/* End PBXSourcesBuildPhase section */

/* Begin PBXVariantGroup section */
		06BE7BF62A89B86600533AC2 /* Main.storyboard */ = {
			isa = PBXVariantGroup;
			children = (
				06BE7BF72A89B86600533AC2 /* Base */,
			);
			name = Main.storyboard;
			sourceTree = "<group>";
		};
		06BE7BFB2A89B86700533AC2 /* LaunchScreen.storyboard */ = {
			isa = PBXVariantGroup;
			children = (
				06BE7BFC2A89B86700533AC2 /* Base */,
			);
			name = LaunchScreen.storyboard;
			sourceTree = "<group>";
		};
/* End PBXVariantGroup section */

/* Begin XCBuildConfiguration section */
		06BE7C012A89B86700533AC2 /* Debug */ = {
			isa = XCBuildConfiguration;
			buildSettings = {
				ALWAYS_SEARCH_USER_PATHS = NO;
				CLANG_ANALYZER_NONNULL = YES;
				CLANG_ANALYZER_NUMBER_OBJECT_CONVERSION = YES_AGGRESSIVE;
				CLANG_CXX_LANGUAGE_STANDARD = "gnu++20";
				CLANG_ENABLE_MODULES = YES;
				CLANG_ENABLE_OBJC_ARC = YES;
				CLANG_ENABLE_OBJC_WEAK = YES;
				CLANG_WARN_BLOCK_CAPTURE_AUTORELEASING = YES;
				CLANG_WARN_BOOL_CONVERSION = YES;
				CLANG_WARN_COMMA = YES;
				CLANG_WARN_CONSTANT_CONVERSION = YES;
				CLANG_WARN_DEPRECATED_OBJC_IMPLEMENTATIONS = YES;
				CLANG_WARN_DIRECT_OBJC_ISA_USAGE = YES_ERROR;
				CLANG_WARN_DOCUMENTATION_COMMENTS = YES;
				CLANG_WARN_EMPTY_BODY = YES;
				CLANG_WARN_ENUM_CONVERSION = YES;
				CLANG_WARN_INFINITE_RECURSION = YES;
				CLANG_WARN_INT_CONVERSION = YES;
				CLANG_WARN_NON_LITERAL_NULL_CONVERSION = YES;
				CLANG_WARN_OBJC_IMPLICIT_RETAIN_SELF = YES;
				CLANG_WARN_OBJC_LITERAL_CONVERSION = YES;
				CLANG_WARN_OBJC_ROOT_CLASS = YES_ERROR;
				CLANG_WARN_QUOTED_INCLUDE_IN_FRAMEWORK_HEADER = YES;
				CLANG_WARN_RANGE_LOOP_ANALYSIS = YES;
				CLANG_WARN_STRICT_PROTOTYPES = YES;
				CLANG_WARN_SUSPICIOUS_MOVE = YES;
				CLANG_WARN_UNGUARDED_AVAILABILITY = YES_AGGRESSIVE;
				CLANG_WARN_UNREACHABLE_CODE = YES;
				CLANG_WARN__DUPLICATE_METHOD_MATCH = YES;
				COPY_PHASE_STRIP = NO;
				DEBUG_INFORMATION_FORMAT = dwarf;
				ENABLE_STRICT_OBJC_MSGSEND = YES;
				ENABLE_TESTABILITY = YES;
				GCC_C_LANGUAGE_STANDARD = gnu11;
				GCC_DYNAMIC_NO_PIC = NO;
				GCC_NO_COMMON_BLOCKS = YES;
				GCC_OPTIMIZATION_LEVEL = 0;
				GCC_PREPROCESSOR_DEFINITIONS = (
					"DEBUG=1",
					"$(inherited)",
				);
				GCC_WARN_64_TO_32_BIT_CONVERSION = YES;
				GCC_WARN_ABOUT_RETURN_TYPE = YES_ERROR;
				GCC_WARN_UNDECLARED_SELECTOR = YES;
				GCC_WARN_UNINITIALIZED_AUTOS = YES_AGGRESSIVE;
				GCC_WARN_UNUSED_FUNCTION = YES;
				GCC_WARN_UNUSED_VARIABLE = YES;
				IPHONEOS_DEPLOYMENT_TARGET = 16.4;
				MTL_ENABLE_DEBUG_INFO = INCLUDE_SOURCE;
				MTL_FAST_MATH = YES;
				ONLY_ACTIVE_ARCH = YES;
				SDKROOT = iphoneos;
			};
			name = Debug;
		};
		06BE7C022A89B86700533AC2 /* Release */ = {
			isa = XCBuildConfiguration;
			buildSettings = {
				ALWAYS_SEARCH_USER_PATHS = NO;
				CLANG_ANALYZER_NONNULL = YES;
				CLANG_ANALYZER_NUMBER_OBJECT_CONVERSION = YES_AGGRESSIVE;
				CLANG_CXX_LANGUAGE_STANDARD = "gnu++20";
				CLANG_ENABLE_MODULES = YES;
				CLANG_ENABLE_OBJC_ARC = YES;
				CLANG_ENABLE_OBJC_WEAK = YES;
				CLANG_WARN_BLOCK_CAPTURE_AUTORELEASING = YES;
				CLANG_WARN_BOOL_CONVERSION = YES;
				CLANG_WARN_COMMA = YES;
				CLANG_WARN_CONSTANT_CONVERSION = YES;
				CLANG_WARN_DEPRECATED_OBJC_IMPLEMENTATIONS = YES;
				CLANG_WARN_DIRECT_OBJC_ISA_USAGE = YES_ERROR;
				CLANG_WARN_DOCUMENTATION_COMMENTS = YES;
				CLANG_WARN_EMPTY_BODY = YES;
				CLANG_WARN_ENUM_CONVERSION = YES;
				CLANG_WARN_INFINITE_RECURSION = YES;
				CLANG_WARN_INT_CONVERSION = YES;
				CLANG_WARN_NON_LITERAL_NULL_CONVERSION = YES;
				CLANG_WARN_OBJC_IMPLICIT_RETAIN_SELF = YES;
				CLANG_WARN_OBJC_LITERAL_CONVERSION = YES;
				CLANG_WARN_OBJC_ROOT_CLASS = YES_ERROR;
				CLANG_WARN_QUOTED_INCLUDE_IN_FRAMEWORK_HEADER = YES;
				CLANG_WARN_RANGE_LOOP_ANALYSIS = YES;
				CLANG_WARN_STRICT_PROTOTYPES = YES;
				CLANG_WARN_SUSPICIOUS_MOVE = YES;
				CLANG_WARN_UNGUARDED_AVAILABILITY = YES_AGGRESSIVE;
				CLANG_WARN_UNREACHABLE_CODE = YES;
				CLANG_WARN__DUPLICATE_METHOD_MATCH = YES;
				COPY_PHASE_STRIP = NO;
				DEBUG_INFORMATION_FORMAT = "dwarf-with-dsym";
				ENABLE_NS_ASSERTIONS = NO;
				ENABLE_STRICT_OBJC_MSGSEND = YES;
				GCC_C_LANGUAGE_STANDARD = gnu11;
				GCC_NO_COMMON_BLOCKS = YES;
				GCC_WARN_64_TO_32_BIT_CONVERSION = YES;
				GCC_WARN_ABOUT_RETURN_TYPE = YES_ERROR;
				GCC_WARN_UNDECLARED_SELECTOR = YES;
				GCC_WARN_UNINITIALIZED_AUTOS = YES_AGGRESSIVE;
				GCC_WARN_UNUSED_FUNCTION = YES;
				GCC_WARN_UNUSED_VARIABLE = YES;
				IPHONEOS_DEPLOYMENT_TARGET = 16.4;
				MTL_ENABLE_DEBUG_INFO = NO;
				MTL_FAST_MATH = YES;
				SDKROOT = iphoneos;
				VALIDATE_PRODUCT = YES;
			};
			name = Release;
		};
		06BE7C042A89B86700533AC2 /* Debug */ = {
			isa = XCBuildConfiguration;
			buildSettings = {
				ASSETCATALOG_COMPILER_APPICON_NAME = AppIcon;
				ASSETCATALOG_COMPILER_GLOBAL_ACCENT_COLOR_NAME = AccentColor;
				CODE_SIGN_STYLE = Automatic;
				CURRENT_PROJECT_VERSION = 1;
				GENERATE_INFOPLIST_FILE = YES;
				INFOPLIST_FILE = "MGJRouter-Demo/Info.plist";
				INFOPLIST_KEY_UIApplicationSupportsIndirectInputEvents = YES;
				INFOPLIST_KEY_UILaunchStoryboardName = LaunchScreen;
				INFOPLIST_KEY_UIMainStoryboardFile = Main;
				INFOPLIST_KEY_UISupportedInterfaceOrientations_iPad = "UIInterfaceOrientationPortrait UIInterfaceOrientationPortraitUpsideDown UIInterfaceOrientationLandscapeLeft UIInterfaceOrientationLandscapeRight";
				INFOPLIST_KEY_UISupportedInterfaceOrientations_iPhone = "UIInterfaceOrientationPortrait UIInterfaceOrientationLandscapeLeft UIInterfaceOrientationLandscapeRight";
				LD_RUNPATH_SEARCH_PATHS = (
					"$(inherited)",
					"@executable_path/Frameworks",
				);
				MARKETING_VERSION = 1.0;
				PRODUCT_BUNDLE_IDENTIFIER = "com.shenchunxing.MGJRouter-Demo";
				PRODUCT_NAME = "$(TARGET_NAME)";
				SWIFT_EMIT_LOC_STRINGS = YES;
				TARGETED_DEVICE_FAMILY = "1,2";
			};
			name = Debug;
		};
		06BE7C052A89B86700533AC2 /* Release */ = {
			isa = XCBuildConfiguration;
			buildSettings = {
				ASSETCATALOG_COMPILER_APPICON_NAME = AppIcon;
				ASSETCATALOG_COMPILER_GLOBAL_ACCENT_COLOR_NAME = AccentColor;
				CODE_SIGN_STYLE = Automatic;
				CURRENT_PROJECT_VERSION = 1;
				GENERATE_INFOPLIST_FILE = YES;
				INFOPLIST_FILE = "MGJRouter-Demo/Info.plist";
				INFOPLIST_KEY_UIApplicationSupportsIndirectInputEvents = YES;
				INFOPLIST_KEY_UILaunchStoryboardName = LaunchScreen;
				INFOPLIST_KEY_UIMainStoryboardFile = Main;
				INFOPLIST_KEY_UISupportedInterfaceOrientations_iPad = "UIInterfaceOrientationPortrait UIInterfaceOrientationPortraitUpsideDown UIInterfaceOrientationLandscapeLeft UIInterfaceOrientationLandscapeRight";
				INFOPLIST_KEY_UISupportedInterfaceOrientations_iPhone = "UIInterfaceOrientationPortrait UIInterfaceOrientationLandscapeLeft UIInterfaceOrientationLandscapeRight";
				LD_RUNPATH_SEARCH_PATHS = (
					"$(inherited)",
					"@executable_path/Frameworks",
				);
				MARKETING_VERSION = 1.0;
				PRODUCT_BUNDLE_IDENTIFIER = "com.shenchunxing.MGJRouter-Demo";
				PRODUCT_NAME = "$(TARGET_NAME)";
				SWIFT_EMIT_LOC_STRINGS = YES;
				TARGETED_DEVICE_FAMILY = "1,2";
			};
			name = Release;
		};
/* End XCBuildConfiguration section */

/* Begin XCConfigurationList section */
		06BE7BE52A89B86600533AC2 /* Build configuration list for PBXProject "MGJRouter-Demo" */ = {
			isa = XCConfigurationList;
			buildConfigurations = (
				06BE7C012A89B86700533AC2 /* Debug */,
				06BE7C022A89B86700533AC2 /* Release */,
			);
			defaultConfigurationIsVisible = 0;
			defaultConfigurationName = Release;
		};
		06BE7C032A89B86700533AC2 /* Build configuration list for PBXNativeTarget "MGJRouter-Demo" */ = {
			isa = XCConfigurationList;
			buildConfigurations = (
				06BE7C042A89B86700533AC2 /* Debug */,
				06BE7C052A89B86700533AC2 /* Release */,
			);
			defaultConfigurationIsVisible = 0;
			defaultConfigurationName = Release;
		};
/* End XCConfigurationList section */
	};
	rootObject = 06BE7BE22A89B86600533AC2 /* Project object */;
}
