// !$*UTF8*$!
{
	archiveVersion = 1;
	classes = {
	};
	objectVersion = 48;
	objects = {

/* Begin PBXBuildFile section */
		2D678F0D209B3AF200A691D2 /* main.m in Sources */ = {isa = PBXBuildFile; fileRef = 2D678F0C209B3AF200A691D2 /* main.m */; };
		2D678F15209B3AFD00A691D2 /* MJPerson.m in Sources */ = {isa = PBXBuildFile; fileRef = 2D678F14209B3AFD00A691D2 /* MJPerson.m */; };
		2D678F18209B3D1A00A691D2 /* MJObserver.m in Sources */ = {isa = PBXBuildFile; fileRef = 2D678F17209B3D1A00A691D2 /* MJObserver.m */; };
/* End PBXBuildFile section */

/* Begin PBXCopyFilesBuildPhase section */
		2D678F07209B3AF200A691D2 /* CopyFiles */ = {
			isa = PBXCopyFilesBuildPhase;
			buildActionMask = 2147483647;
			dstPath = /usr/share/man/man1/;
			dstSubfolderSpec = 0;
			files = (
			);
			runOnlyForDeploymentPostprocessing = 1;
		};
/* End PBXCopyFilesBuildPhase section */

/* Begin PBXFileReference section */
		2D678F09209B3AF200A691D2 /* Interview01-KVC */ = {isa = PBXFileReference; explicitFileType = "compiled.mach-o.executable"; includeInIndex = 0; path = "Interview01-KVC"; sourceTree = BUILT_PRODUCTS_DIR; };
		2D678F0C209B3AF200A691D2 /* main.m */ = {isa = PBXFileReference; lastKnownFileType = sourcecode.c.objc; path = main.m; sourceTree = "<group>"; };
		2D678F13209B3AFD00A691D2 /* MJPerson.h */ = {isa = PBXFileReference; lastKnownFileType = sourcecode.c.h; path = MJPerson.h; sourceTree = "<group>"; };
		2D678F14209B3AFD00A691D2 /* MJPerson.m */ = {isa = PBXFileReference; lastKnownFileType = sourcecode.c.objc; path = MJPerson.m; sourceTree = "<group>"; };
		2D678F16209B3D1A00A691D2 /* MJObserver.h */ = {isa = PBXFileReference; lastKnownFileType = sourcecode.c.h; path = MJObserver.h; sourceTree = "<group>"; };
		2D678F17209B3D1A00A691D2 /* MJObserver.m */ = {isa = PBXFileReference; lastKnownFileType = sourcecode.c.objc; path = MJObserver.m; sourceTree = "<group>"; };
/* End PBXFileReference section */

/* Begin PBXFrameworksBuildPhase section */
		2D678F06209B3AF200A691D2 /* Frameworks */ = {
			isa = PBXFrameworksBuildPhase;
			buildActionMask = 2147483647;
			files = (
			);
			runOnlyForDeploymentPostprocessing = 0;
		};
/* End PBXFrameworksBuildPhase section */

/* Begin PBXGroup section */
		2D678F00209B3AF200A691D2 = {
			isa = PBXGroup;
			children = (
				2D678F0B209B3AF200A691D2 /* Interview01-KVC */,
				2D678F0A209B3AF200A691D2 /* Products */,
			);
			sourceTree = "<group>";
		};
		2D678F0A209B3AF200A691D2 /* Products */ = {
			isa = PBXGroup;
			children = (
				2D678F09209B3AF200A691D2 /* Interview01-KVC */,
			);
			name = Products;
			sourceTree = "<group>";
		};
		2D678F0B209B3AF200A691D2 /* Interview01-KVC */ = {
			isa = PBXGroup;
			children = (
				2D678F0C209B3AF200A691D2 /* main.m */,
				2D678F13209B3AFD00A691D2 /* MJPerson.h */,
				2D678F14209B3AFD00A691D2 /* MJPerson.m */,
				2D678F16209B3D1A00A691D2 /* MJObserver.h */,
				2D678F17209B3D1A00A691D2 /* MJObserver.m */,
			);
			path = "Interview01-KVC";
			sourceTree = "<group>";
		};
/* End PBXGroup section */

/* Begin PBXNativeTarget section */
		2D678F08209B3AF200A691D2 /* Interview01-KVC */ = {
			isa = PBXNativeTarget;
			buildConfigurationList = 2D678F10209B3AF200A691D2 /* Build configuration list for PBXNativeTarget "Interview01-KVC" */;
			buildPhases = (
				2D678F05209B3AF200A691D2 /* Sources */,
				2D678F06209B3AF200A691D2 /* Frameworks */,
				2D678F07209B3AF200A691D2 /* CopyFiles */,
			);
			buildRules = (
			);
			dependencies = (
			);
			name = "Interview01-KVC";
			productName = "Interview01-KVC";
			productReference = 2D678F09209B3AF200A691D2 /* Interview01-KVC */;
			productType = "com.apple.product-type.tool";
		};
/* End PBXNativeTarget section */

/* Begin PBXProject section */
		2D678F01209B3AF200A691D2 /* Project object */ = {
			isa = PBXProject;
			attributes = {
				LastUpgradeCheck = 0900;
				ORGANIZATIONNAME = "MJ Lee";
				TargetAttributes = {
					2D678F08209B3AF200A691D2 = {
						CreatedOnToolsVersion = 9.0;
						ProvisioningStyle = Automatic;
					};
				};
			};
			buildConfigurationList = 2D678F04209B3AF200A691D2 /* Build configuration list for PBXProject "Interview01-KVC" */;
			compatibilityVersion = "Xcode 8.0";
			developmentRegion = en;
			hasScannedForEncodings = 0;
			knownRegions = (
				en,
			);
			mainGroup = 2D678F00209B3AF200A691D2;
			productRefGroup = 2D678F0A209B3AF200A691D2 /* Products */;
			projectDirPath = "";
			projectRoot = "";
			targets = (
				2D678F08209B3AF200A691D2 /* Interview01-KVC */,
			);
		};
/* End PBXProject section */

/* Begin PBXSourcesBuildPhase section */
		2D678F05209B3AF200A691D2 /* Sources */ = {
			isa = PBXSourcesBuildPhase;
			buildActionMask = 2147483647;
			files = (
				2D678F0D209B3AF200A691D2 /* main.m in Sources */,
				2D678F18209B3D1A00A691D2 /* MJObserver.m in Sources */,
				2D678F15209B3AFD00A691D2 /* MJPerson.m in Sources */,
			);
			runOnlyForDeploymentPostprocessing = 0;
		};
/* End PBXSourcesBuildPhase section */

/* Begin XCBuildConfiguration section */
		2D678F0E209B3AF200A691D2 /* Debug */ = {
			isa = XCBuildConfiguration;
			buildSettings = {
				ALWAYS_SEARCH_USER_PATHS = NO;
				CLANG_ANALYZER_NONNULL = YES;
				CLANG_ANALYZER_NUMBER_OBJECT_CONVERSION = YES_AGGRESSIVE;
				CLANG_CXX_LANGUAGE_STANDARD = "gnu++14";
				CLANG_CXX_LIBRARY = "libc++";
				CLANG_ENABLE_MODULES = YES;
				CLANG_ENABLE_OBJC_ARC = YES;
				CLANG_WARN_BLOCK_CAPTURE_AUTORELEASING = YES;
				CLANG_WARN_BOOL_CONVERSION = YES;
				CLANG_WARN_COMMA = YES;
				CLANG_WARN_CONSTANT_CONVERSION = YES;
				CLANG_WARN_DIRECT_OBJC_ISA_USAGE = YES_ERROR;
				CLANG_WARN_DOCUMENTATION_COMMENTS = YES;
				CLANG_WARN_EMPTY_BODY = YES;
				CLANG_WARN_ENUM_CONVERSION = YES;
				CLANG_WARN_INFINITE_RECURSION = YES;
				CLANG_WARN_INT_CONVERSION = YES;
				CLANG_WARN_NON_LITERAL_NULL_CONVERSION = YES;
				CLANG_WARN_OBJC_LITERAL_CONVERSION = YES;
				CLANG_WARN_OBJC_ROOT_CLASS = YES_ERROR;
				CLANG_WARN_RANGE_LOOP_ANALYSIS = YES;
				CLANG_WARN_STRICT_PROTOTYPES = YES;
				CLANG_WARN_SUSPICIOUS_MOVE = YES;
				CLANG_WARN_UNGUARDED_AVAILABILITY = YES_AGGRESSIVE;
				CLANG_WARN_UNREACHABLE_CODE = YES;
				CLANG_WARN__DUPLICATE_METHOD_MATCH = YES;
				CODE_SIGN_IDENTITY = "-";
				COPY_PHASE_STRIP = NO;
				DEBUG_INFORMATION_FORMAT = dwarf;
				ENABLE_STRICT_OBJC_MSGSEND = YES;
				ENABLE_TESTABILITY = YES;
				GCC_C_LANGUAGE_STANDARD = gnu11;
				GCC_DYNAMIC_NO_PIC = NO;
				GCC_NO_COMMON_BLOCKS = YES;
				GCC_OPTIMIZATION_LEVEL = 0;
				GCC_PREPROCESSOR_DEFINITIONS = (
					"DEBUG=1",
					"$(inherited)",
				);
				GCC_WARN_64_TO_32_BIT_CONVERSION = YES;
				GCC_WARN_ABOUT_RETURN_TYPE = YES_ERROR;
				GCC_WARN_UNDECLARED_SELECTOR = YES;
				GCC_WARN_UNINITIALIZED_AUTOS = YES_AGGRESSIVE;
				GCC_WARN_UNUSED_FUNCTION = YES;
				GCC_WARN_UNUSED_VARIABLE = YES;
				MACOSX_DEPLOYMENT_TARGET = 10.13;
				MTL_ENABLE_DEBUG_INFO = YES;
				ONLY_ACTIVE_ARCH = YES;
				SDKROOT = macosx;
			};
			name = Debug;
		};
		2D678F0F209B3AF200A691D2 /* Release */ = {
			isa = XCBuildConfiguration;
			buildSettings = {
				ALWAYS_SEARCH_USER_PATHS = NO;
				CLANG_ANALYZER_NONNULL = YES;
				CLANG_ANALYZER_NUMBER_OBJECT_CONVERSION = YES_AGGRESSIVE;
				CLANG_CXX_LANGUAGE_STANDARD = "gnu++14";
				CLANG_CXX_LIBRARY = "libc++";
				CLANG_ENABLE_MODULES = YES;
				CLANG_ENABLE_OBJC_ARC = YES;
				CLANG_WARN_BLOCK_CAPTURE_AUTORELEASING = YES;
				CLANG_WARN_BOOL_CONVERSION = YES;
				CLANG_WARN_COMMA = YES;
				CLANG_WARN_CONSTANT_CONVERSION = YES;
				CLANG_WARN_DIRECT_OBJC_ISA_USAGE = YES_ERROR;
				CLANG_WARN_DOCUMENTATION_COMMENTS = YES;
				CLANG_WARN_EMPTY_BODY = YES;
				CLANG_WARN_ENUM_CONVERSION = YES;
				CLANG_WARN_INFINITE_RECURSION = YES;
				CLANG_WARN_INT_CONVERSION = YES;
				CLANG_WARN_NON_LITERAL_NULL_CONVERSION = YES;
				CLANG_WARN_OBJC_LITERAL_CONVERSION = YES;
				CLANG_WARN_OBJC_ROOT_CLASS = YES_ERROR;
				CLANG_WARN_RANGE_LOOP_ANALYSIS = YES;
				CLANG_WARN_STRICT_PROTOTYPES = YES;
				CLANG_WARN_SUSPICIOUS_MOVE = YES;
				CLANG_WARN_UNGUARDED_AVAILABILITY = YES_AGGRESSIVE;
				CLANG_WARN_UNREACHABLE_CODE = YES;
				CLANG_WARN__DUPLICATE_METHOD_MATCH = YES;
				CODE_SIGN_IDENTITY = "-";
				COPY_PHASE_STRIP = NO;
				DEBUG_INFORMATION_FORMAT = "dwarf-with-dsym";
				ENABLE_NS_ASSERTIONS = NO;
				ENABLE_STRICT_OBJC_MSGSEND = YES;
				GCC_C_LANGUAGE_STANDARD = gnu11;
				GCC_NO_COMMON_BLOCKS = YES;
				GCC_WARN_64_TO_32_BIT_CONVERSION = YES;
				GCC_WARN_ABOUT_RETURN_TYPE = YES_ERROR;
				GCC_WARN_UNDECLARED_SELECTOR = YES;
				GCC_WARN_UNINITIALIZED_AUTOS = YES_AGGRESSIVE;
				GCC_WARN_UNUSED_FUNCTION = YES;
				GCC_WARN_UNUSED_VARIABLE = YES;
				MACOSX_DEPLOYMENT_TARGET = 10.13;
				MTL_ENABLE_DEBUG_INFO = NO;
				SDKROOT = macosx;
			};
			name = Release;
		};
		2D678F11209B3AF200A691D2 /* Debug */ = {
			isa = XCBuildConfiguration;
			buildSettings = {
				CODE_SIGN_STYLE = Automatic;
				PRODUCT_NAME = "$(TARGET_NAME)";
			};
			name = Debug;
		};
		2D678F12209B3AF200A691D2 /* Release */ = {
			isa = XCBuildConfiguration;
			buildSettings = {
				CODE_SIGN_STYLE = Automatic;
				PRODUCT_NAME = "$(TARGET_NAME)";
			};
			name = Release;
		};
/* End XCBuildConfiguration section */

/* Begin XCConfigurationList section */
		2D678F04209B3AF200A691D2 /* Build configuration list for PBXProject "Interview01-KVC" */ = {
			isa = XCConfigurationList;
			buildConfigurations = (
				2D678F0E209B3AF200A691D2 /* Debug */,
				2D678F0F209B3AF200A691D2 /* Release */,
			);
			defaultConfigurationIsVisible = 0;
			defaultConfigurationName = Release;
		};
		2D678F10209B3AF200A691D2 /* Build configuration list for PBXNativeTarget "Interview01-KVC" */ = {
			isa = XCConfigurationList;
			buildConfigurations = (
				2D678F11209B3AF200A691D2 /* Debug */,
				2D678F12209B3AF200A691D2 /* Release */,
			);
			defaultConfigurationIsVisible = 0;
			defaultConfigurationName = Release;
		};
/* End XCConfigurationList section */
	};
	rootObject = 2D678F01209B3AF200A691D2 /* Project object */;
}
